#MicroXplorer Configuration settings - do not modify
SH.FMC_D0_DA0.ConfNb=1
PC7.GPIOParameters=GPIO_PuPd
SH.FMC_A8.ConfNb=1
SH.FMC_A0.ConfNb=1
SH.FMC_D6_DA6.ConfNb=1
PC10.GPIO_PuPd=GPIO_PULLUP
FMC.SDClockPeriod2=FMC_SDRAM_CLOCK_PERIOD_3
HRTIM.Periode_TC=0x3fff
SH.FMC_D9_DA9.ConfNb=1
FATFS._USE_LFN=1
HRTIM.Periode_TD=0x3fff
FMC.SDClockPeriod1=FMC_SDRAM_CLOCK_PERIOD_3
HRTIM.Periode_TB=0x3fff
SH.FMC_A0.0=FMC_A0,13b-sda1
FATFS0.BSP.api=Unknown
PB10.GPIO_PuPd=GPIO_NOPULL
HRTIM.Periode_TE=0x3fff
PG8.Signal=FMC_SDCLK
PG0.Signal=FMC_A10
PC7.Locked=true
RCC.PLLFRACN=0
PC3_C.Mode=SdramChipSelect1_1
ADC1.Rank-17\#ChannelRegularConversion=2
SAI1.Instance-SAI_A_MasterWithClock=SAI$Index_Block_A
RCC.RTCFreq_Value=32000
RCC.CpuClockFreq_Value=480000000
PD2.GPIOParameters=GPIO_PuPd,GPIO_Speed_High_Default,GPIO_Mode
SH.FMC_SDNWE.ConfNb=1
SH.ADCx_INP5.0=ADC1_INP5,IN5-Single-Ended
SH.FMC_D5_DA5.0=FMC_D5,sd-16b-d1
SH.FMC_D9_DA9.0=FMC_D9,sd-16b-d1
RCC.LPTIM1Freq_Value=120000000
NVIC.SVCall_IRQn=true\:0\:0\:false\:false\:true\:false\:false
PCC.Seq0.Step1.Oscillator=Flash-LP
ADC1.Offset-17\#ChannelRegularConversion=32768
PCC.PartNumber=STM32H743ZITx
SH.FMC_SDNWE.0=FMC_SDNWE,13b-sda1
HRTIM.IPParameters=Configuration_TB,Periode_TB,PWMChannel_TB2,PWMPulse_TB2,Configuration_TC,Periode_TC,OCChannel_TC2,PWMChannel_TC1,PWMPulse_TC1,PWMChannel_TC2,PWMPulse_TC2,Configuration_TD,Periode_TD,PWMChannel_TD1,PWMPulse_TD1,PWMChannel_TD2,PWMPulse_TD2,Configuration_TE,Periode_TE,PWMChannel_TE2,PWMPulse_TE2
RCC.ADCCLockSelection=RCC_ADCCLKSOURCE_CLKP
SH.FMC_D11_DA11.0=FMC_D11,sd-16b-d1
RCC.I2C4Freq_Value=120000000
I2C2.I2C_Speed_Mode=I2C_Fast
PC7.Signal=GPIO_Input
VP_SAI1_VP_$IpInstance_SAIB_SAI_BASIC.Signal=SAI1_VP_$IpInstance_SAIB_SAI_BASIC
PD0.Signal=FMC_D2_DA2
PD8.Signal=FMC_D13_DA13
ADC1.Rank-21\#ChannelRegularConversion=6
PCC.Seq0.Step1.Category=In DS Table
PE1.Signal=FMC_NBL1
FATFS0.BSP.ip=GPIO
ProjectManager.ProjectBuild=false
NVIC.UsageFault_IRQn=true\:0\:0\:false\:false\:true\:false\:false
PA0.Locked=true
PCC.Seq0.Step0.Voltage_Source=Battery
FMC.SelfRefreshTime1=4
ProjectManager.FirmwarePackage=STM32Cube FW_H7 V1.7.0
ProjectManager.BackupPrevious=false
RCC.FMCFreq_Value=240000000
ADC1.Channel-19\#ChannelRegularConversion=ADC_CHANNEL_8
RCC.SAI1CLockSelection=RCC_SAI1CLKSOURCE_PLL2
PE9.Signal=FMC_D6_DA6
Dma.SAI1_A.0.Polarity=HAL_DMAMUX_REQ_GEN_RISING
ADC1.OffsetNumber-19\#ChannelRegularConversion=ADC_OFFSET_4
SH.FMC_A2.0=FMC_A2,13b-sda1
RCC.USART16Freq_Value=120000000
PC9.Mode=SD_4_bits_Wide_bus
PA8.Signal=HRTIM_CHB2
SH.FMC_D1_DA1.0=FMC_D1,sd-16b-d1
ADC1.OffsetNumber-23\#ChannelRegularConversion=ADC_OFFSET_NONE
ProjectManager.HalAssertFull=false
RCC.DIVP2Freq_Value=49142857.14285714
SH.ADCx_INP3.0=ADC1_INP3,IN3-Single-Ended
PA0.Signal=ADC1_INP16
ADC1.Rank-27\#ChannelRegularConversion=12
SH.ADCx_INP4.ConfNb=1
Dma.SAI1_A.0.PeriphBurst=DMA_PBURST_SINGLE
ADC1.SamplingTime-23\#ChannelRegularConversion=ADC_SAMPLETIME_32CYCLES_5
Mcu.Package=LQFP144
PE2.GPIO_Mode=GPIO_MODE_AF_PP
SAI1.AudioFrequency-SAI_A_MasterWithClock=SAI_AUDIO_FREQUENCY_48K
PB1.Signal=ADCx_INP5
PA5.Locked=true
ADC1.OversamplingMode=ENABLE
ADC1.Channel-23\#ChannelRegularConversion=ADC_CHANNEL_14
RCC.PLL3FRACN=0
SH.ADCx_INP18.ConfNb=1
PCC.Seq0.Step1.Average_Current=170 \u00B5A
SH.FMC_SDNCAS.ConfNb=1
VP_SYS_VS_Systick.Signal=SYS_VS_Systick
SH.FMC_A11.ConfNb=1
PA10.Signal=HRTIM_CHC2
FMC.WriteRecoveryTime1=2
PC11.Mode=SD_4_bits_Wide_bus
Dma.SAI1_A.0.SyncSignalID=NONE
PCC.Seq0.Step1.SubMode2=DSTANDBY
PCC.Seq0.Step1.SubMode1=DSTANDBY
RCC.LPUART1Freq_Value=120000000
FMC.RowCycleDelay2=6
FMC.RowCycleDelay1=6
PE6.GPIO_PuPd=GPIO_NOPULL
PCC.Seq0.Step1.SubMode3=DSTOP
SH.ADCx_INP7.ConfNb=1
ADC1.EOCSelection=ADC_EOC_SEQ_CONV
PD15.Signal=FMC_D1_DA1
Dma.ADC1.2.Mode=DMA_CIRCULAR
RCC.VCO3OutputFreq_Value=100781250
ADC1.SamplingTime-19\#ChannelRegularConversion=ADC_SAMPLETIME_32CYCLES_5
SH.FMC_D3_DA3.ConfNb=1
PC8.GPIO_Mode=GPIO_MODE_AF_PP
Dma.SAI1_B.1.RequestParameters=Instance,Direction,PeriphInc,MemInc,PeriphDataAlignment,MemDataAlignment,Mode,Priority,FIFOMode,FIFOThreshold,MemBurst,PeriphBurst,SignalID,Polarity,RequestNumber,SyncSignalID,SyncPolarity,SyncEnable,EventEnable,SyncRequestNumber
Mcu.Pin80=PE1
Mcu.Pin81=VP_FATFS_VS_SDIO
FATFS0.BSP.STBoard=false
SH.FMC_A4.0=FMC_A4,13b-sda1
ProjectManager.ProjectFileName=cube_for_new_genera_brain4.ioc
SH.FMC_A5.ConfNb=1
Mcu.Pin79=PE0
Mcu.PinsNb=86
PC14-OSC32_IN\ (OSC32_IN).GPIOParameters=GPIO_PuPd
Mcu.Pin73=PC12
ADC1.Offset-18\#ChannelRegularConversion=32768
Mcu.Pin74=PD0
ADC1.Channel-22\#ChannelRegularConversion=ADC_CHANNEL_15
Dma.SAI1_B.1.MemInc=DMA_MINC_ENABLE
Mcu.Pin71=PC10
Mcu.Pin72=PC11
PC13.Locked=true
Mcu.Pin77=PG15
SAI1.MClockEnable-SAI_A_MasterWithClock=SAI_MASTERCLOCK_ENABLE
PG5.Signal=FMC_A15_BA1
Mcu.Pin78=PB3 (JTDO/TRACESWO)
Mcu.Pin75=PD1
SH.FMC_D10_DA10.0=FMC_D10,sd-16b-d1
PC13.Signal=GPIO_Input
Mcu.Pin76=PD2
FATFS0.BSP.mode=Input
Mcu.Pin70=PA14 (JTCK/SWCLK)
SAI1.ErrorAudioFreq-SAI_A_MasterWithClock=-0.01 %
Mcu.Pin68=PA12
Mcu.Pin69=PA13 (JTMS/SWDIO)
SH.ADCx_INP9.0=ADC1_INP9,IN9-Single-Ended
Mcu.Pin62=PC8
Mcu.Pin63=PC9
Mcu.Pin60=PC6
Mcu.Pin61=PC7
Mcu.Pin66=PA10
Mcu.Pin67=PA11
Mcu.Pin64=PA8
Mcu.Pin65=PA9
PD10.Signal=FMC_D15_DA15
RCC.D1CPREFreq_Value=480000000
PC10.GPIO_Mode=GPIO_MODE_AF_PP
PCC.MCU=STM32H743ZITx
Dma.ADC1.2.MemInc=DMA_MINC_ENABLE
RCC.Tim1OutputFreq_Value=240000000
Mcu.Pin59=PG8
Mcu.Pin57=PG6
Mcu.Pin58=PG7
Mcu.Pin51=PD13
Dma.ADC1.2.SyncSignalID=NONE
Mcu.Pin52=PD14
Mcu.Pin50=PD10
Mcu.Pin55=PG4
ADC1.Channel-18\#ChannelRegularConversion=ADC_CHANNEL_4
Mcu.Pin56=PG5
Mcu.Pin53=PD15
Mcu.Pin54=PG2
PB11.GPIOParameters=GPIO_Speed
Mcu.Pin48=PD8
Mcu.Pin49=PD9
Mcu.Pin46=PB10
Mcu.Pin47=PB11
SAI1.VirtualMode-SAI_A_MasterWithClock=VM_MASTER
VP_SAI1_VP_$IpInstance_SAIB_SAI_BASIC.Mode=SAI_B_BASIC
PG6.GPIOParameters=GPIO_PuPd
PE2.GPIO_PuPd=GPIO_NOPULL
PA5.Signal=ADCx_INP19
Mcu.Pin40=PE10
Mcu.Pin41=PE11
Mcu.Pin44=PE14
PC12.Mode=SD_4_bits_Wide_bus
Mcu.Pin45=PE15
Mcu.Pin42=PE12
Mcu.Pin43=PE13
FMC.ReadBurst1=FMC_SDRAM_RBURST_ENABLE
SH.FMC_A6.0=FMC_A6,13b-sda1
FMC.ReadBurst2=FMC_SDRAM_RBURST_ENABLE
RCC.AHB12Freq_Value=240000000
PE14.Signal=FMC_D11_DA11
PE6.Mode=SAI_A_MasterWithClock
PCC.Seq0.Step0.Vcore=VOS1\: Scale1-High
Mcu.Pin37=PE7
Mcu.Pin38=PE8
Mcu.Pin35=PG0
ADC1.OversamplingStopReset=ADC_REGOVERSAMPLING_CONTINUED_MODE
Mcu.Pin36=PG1
PA12.GPIO_Speed_High_Default=GPIO_SPEED_FREQ_LOW
SH.FMC_D14_DA14.ConfNb=1
Mcu.Pin39=PE9
Mcu.Pin30=PF11
Dma.ADC1.2.RequestNumber=1
Mcu.Pin33=PF14
PC9.GPIO_PuPd=GPIO_PULLUP
PE3.GPIO_PuPd=GPIO_NOPULL
Mcu.Pin34=PF15
Mcu.Pin31=PF12
Mcu.Pin32=PF13
Dma.SAI1_A.0.SyncRequestNumber=1
NVIC.NonMaskableInt_IRQn=true\:0\:0\:false\:false\:true\:false\:false
ADC1.SamplingTime-22\#ChannelRegularConversion=ADC_SAMPLETIME_32CYCLES_5
SAI1.FIFOThreshold-SAI_A_MasterWithClock=SAI_FIFOTHRESHOLD_FULL
PF13.Signal=FMC_A7
PC10.GPIOParameters=GPIO_PuPd,GPIO_Speed_High_Default,GPIO_Mode
ADC1.OffsetNumber-24\#ChannelRegularConversion=ADC_OFFSET_NONE
FATFS._USE_FIND=1
PC9.GPIOParameters=GPIO_PuPd,GPIO_Speed_High_Default,GPIO_Mode
Mcu.Pin26=PC4
Mcu.Pin27=PC5
Dma.ADC1.2.Instance=DMA1_Stream0
Mcu.Pin24=PA6
Mcu.Pin25=PA7
CORTEX_M7.IPParameters=CPU_ICache,CPU_DCache
SH.ADCx_INP7.0=ADC1_INP7,IN7-Single-Ended
Mcu.Pin28=PB0
PC8.Mode=SD_4_bits_Wide_bus
Mcu.Pin29=PB1
PC8.GPIO_PuPd=GPIO_PULLUP
ADC1.Rank-16\#ChannelRegularConversion=1
Mcu.Pin22=PA4
Mcu.Pin23=PA5
Mcu.Pin20=PA2
ADC1.master=1
Mcu.Pin21=PA3
PA3.Locked=true
NVIC.ForceEnableDMAVector=true
NVIC.MemoryManagement_IRQn=true\:0\:0\:false\:false\:true\:false\:false
SH.FMC_SDNRAS.ConfNb=1
ProjectManager.HeapSize=0x200
Mcu.Pin15=PC0
NVIC.HardFault_IRQn=true\:0\:0\:false\:false\:true\:false\:false
Mcu.Pin16=PC2_C
Dma.ADC1.2.FIFOMode=DMA_FIFOMODE_ENABLE
Mcu.Pin13=PH0-OSC_IN (PH0)
Mcu.Pin14=PH1-OSC_OUT (PH1)
Mcu.Pin19=PA1
Mcu.Pin17=PC3_C
Mcu.Pin18=PA0
SAI1.VirtualProtocol-SAI_B_BASIC=VM_BASIC_PROTOCOL
NVIC.PriorityGroup=NVIC_PRIORITYGROUP_4
Mcu.Pin11=PF4
Mcu.Pin12=PF5
Mcu.Pin10=PF3
ADC1.ConversionDataManagement=ADC_CONVERSIONDATA_DMA_CIRCULAR
PE3.Signal=SAI1_SD_B
Dma.SAI1_B.1.PeriphBurst=DMA_PBURST_SINGLE
PF4.Signal=FMC_A4
PD2.Signal=SDMMC1_CMD
ADC1.SamplingTime-18\#ChannelRegularConversion=ADC_SAMPLETIME_32CYCLES_5
FATFS0.BSP.name=Detect_SDIO
Mcu.Family=STM32H7
FMC.IPParameters=ColumnBitsNumber1,CASLatency1,SDClockPeriod1,SDClockPeriod2,ReadBurst1,ReadBurst2,LoadToActiveDelay1,ExitSelfRefreshDelay1,SelfRefreshTime1,RowCycleDelay1,RowCycleDelay2,WriteRecoveryTime1,RPDelay1,RPDelay2,RCDDelay1,BankMapConfig
ProjectManager.MainLocation=Src
SH.FMC_A6.ConfNb=1
SH.FMC_A8.0=FMC_A8,13b-sda1
ADC1.Rank-26\#ChannelRegularConversion=11
ProjectManager.KeepUserCode=true
FATFS0.BSP.semaphore=
ADC1.Overrun=ADC_OVR_DATA_PRESERVED
ADC1.ContinuousConvMode=ENABLE
SH.FMC_D14_DA14.0=FMC_D14,sd-16b-d1
PCC.Seq0.Step0.CPU_Frequency=400 MHz
PH0-OSC_IN\ (PH0).Signal=RCC_OSC_IN
PG2.Signal=FMC_A12
ADC1.Channel-17\#ChannelRegularConversion=ADC_CHANNEL_5
ADC1.OffsetNumber-22\#ChannelRegularConversion=ADC_OFFSET_NONE
PC5.Locked=true
SH.ADCx_INP18.0=ADC1_INP18,IN18-Single-Ended
PA12.GPIOParameters=GPIO_Speed_High_Default
PA9.GPIOParameters=GPIO_Speed_High_Default
SAI1.VirtualProtocol-SAI_A_BASIC=VM_BASIC_PROTOCOL
PE2.GPIO_Speed=GPIO_SPEED_FREQ_VERY_HIGH
PA11.GPIOParameters=GPIO_Speed_High_Default
PA11.Mode=Output_TD1TD2
PD2.GPIO_Mode=GPIO_MODE_AF_PP
RCC.PLL2FRACN=0
SH.FMC_A14_BA0.0=FMC_BA0,FourSdramBanks1
RCC.VCO2OutputFreq_Value=344000000
SH.FMC_A11.0=FMC_A11,13b-sda1
ADC1.OffsetNumber-25\#ChannelRegularConversion=ADC_OFFSET_NONE
PG15.Signal=FMC_SDNCAS
PD13.Signal=GPIO_Input
Mcu.IP4=FATFS
Mcu.IP5=FMC
PD13.Locked=true
Mcu.IP2=DEBUG
Mcu.IP3=DMA
PC11.GPIO_PuPd=GPIO_PULLUP
Mcu.IP0=ADC1
Mcu.IP1=CORTEX_M7
PE4.GPIOParameters=GPIO_Speed,GPIO_PuPd,GPIO_Mode
RCC.HRTIMCLockSelection=RCC_HRTIM1CLK_CPUCLK
SAI1.VirtualMode-SAI_B_SyncSlave=VM_SLAVE
ADC1.Rank-23\#ChannelRegularConversion=8
Dma.SAI1_B.1.SyncPolarity=HAL_DMAMUX_SYNC_NO_EVENT
RCC.DIVP3Freq_Value=50390625
RCC.SDMMCFreq_Value=172000000
ADC1.Offset-19\#ChannelRegularConversion=32768
PA11.GPIO_Speed_High_Default=GPIO_SPEED_FREQ_LOW
ProjectManager.PreviousToolchain=SW4STM32
SH.FMC_NBL1.0=FMC_NBL1,Sd2ByteEnable1
PA8.GPIOParameters=GPIO_Speed_High_Default
Dma.ADC1.2.SignalID=NONE
Dma.SAI1_B.1.Instance=DMA1_Stream2
Dma.SAI1_B.1.FIFOMode=DMA_FIFOMODE_ENABLE
RCC.HRTIMFreq_Value=480000000
PH1-OSC_OUT\ (PH1).Mode=HSE-External-Oscillator
RCC.DIVR3Freq_Value=50390625
NVIC.DebugMonitor_IRQn=true\:0\:0\:false\:false\:true\:false\:false
SH.FMC_A14_BA0.ConfNb=1
FMC.ExitSelfRefreshDelay1=6
Mcu.IP10=RNG
NVIC.SysTick_IRQn=true\:0\:0\:false\:false\:true\:false\:true
Mcu.IP12=SDMMC1
Dma.ADC1.2.PeriphBurst=DMA_PBURST_SINGLE
Mcu.IP11=SAI1
RCC.DIVP1Freq_Value=480000000
Mcu.IP13=SYS
PF11.Signal=FMC_SDNRAS
PC13.GPIO_PuPd=GPIO_PULLDOWN
PE3.GPIOParameters=GPIO_Speed,GPIO_PuPd,GPIO_Mode
SAI1.InitProtocol-SAI_A_MasterWithClock=Enable
PB0.Locked=true
SAI1.OutputDrive-SAI_A_MasterWithClock=SAI_OUTPUTDRIVE_ENABLE
PCC.Seq0.Step0.Oscillator=HSE BYP PLL Flash-LP Cache-ON
PA6.Signal=ADCx_INP3
Dma.SAI1_A.0.MemDataAlignment=DMA_MDATAALIGN_WORD
SH.FMC_D4_DA4.ConfNb=1
ProjectManager.ToolChainLocation=
RCC.DIVR1Freq_Value=480000000
PCC.Checker=true
ADC1.SamplingTime-17\#ChannelRegularConversion=ADC_SAMPLETIME_32CYCLES_5
FATFS._FS_LOCK=1
Dma.Request2=ADC1
Dma.Request1=SAI1_B
Dma.SAI1_B.1.PeriphInc=DMA_PINC_DISABLE
NVIC.DMA1_Stream0_IRQn=true\:1\:0\:true\:false\:true\:false\:true
PC5.Signal=ADCx_INP8
PE7.Signal=FMC_D4_DA4
Dma.Request0=SAI1_A
Dma.SAI1_B.1.Priority=DMA_PRIORITY_VERY_HIGH
Mcu.Pin84=VP_SAI1_VP_$IpInstance_SAIB_SAI_BASIC
Mcu.Pin85=VP_SYS_VS_Systick
Mcu.Pin82=VP_RNG_VS_RNG
Mcu.Pin83=VP_SAI1_VP_$IpInstance_SAIA_SAI_BASIC
PA3.Signal=ADCx_INP15
PCC.Seq0.Step1.Memory=NA
SH.FMC_A3.ConfNb=1
PA8.GPIO_Speed_High_Default=GPIO_SPEED_FREQ_LOW
ADC1.OffsetNumber-17\#ChannelRegularConversion=ADC_OFFSET_2
Dma.SAI1_B.1.Mode=DMA_CIRCULAR
PG7.Signal=HRTIM_CHE2
PA10.Mode=Output_TC1TC2
PCC.Seq0.Step0.Average_Current=112.81 mA
PCC.Vdd=3.0
Dma.SAI1_B.1.RequestNumber=1
Dma.SAI1_A.0.Direction=DMA_MEMORY_TO_PERIPH
PC11.Signal=SDMMC1_D3
ADC1.Rank-18\#ChannelRegularConversion=3
Dma.SAI1_A.0.SignalID=NONE
PC8.Signal=SDMMC1_D0
SH.ADCx_INP14.0=ADC1_INP14,IN14-Single-Ended
PC10.Mode=SD_4_bits_Wide_bus
ProjectManager.DefaultFWLocation=true
PA10.GPIO_Speed_High_Default=GPIO_SPEED_FREQ_LOW
PD9.Signal=FMC_D14_DA14
ProjectManager.DeletePrevious=true
SAI1.FIFOThreshold-SAI_B_SyncSlave=SAI_FIFOTHRESHOLD_FULL
ADC1.Channel-25\#ChannelRegularConversion=ADC_CHANNEL_16
RCC.FamilyName=M
PH1-OSC_OUT\ (PH1).Signal=RCC_OSC_OUT
FATFS0.BSP.instance=PC13
FATFS.IPParameters=_USE_LABEL,USE_DMA_CODE_SD,_USE_LFN,_USE_FIND,_FS_EXFAT,_FS_LOCK
SAI1.RealAudioFreq-SAI_A_MasterWithClock=47.991 KHz
PA9.Mode=Output_TC1TC2
SH.FMC_A15_BA1.ConfNb=1
PC9.GPIO_Mode=GPIO_MODE_AF_PP
Dma.SAI1_A.0.Mode=DMA_CIRCULAR
RCC.VCO1OutputFreq_Value=960000000
SH.FMC_D13_DA13.0=FMC_D13,sd-16b-d1
ADC1.SamplingTime-20\#ChannelRegularConversion=ADC_SAMPLETIME_32CYCLES_5
PCC.Seq0.Step0.Mode=RUN
VP_RNG_VS_RNG.Signal=RNG_VS_RNG
SAI1.BasicDataSize-SAI_B_SyncSlave=SAI_PROTOCOL_DATASIZE_32BIT
RCC.AXIClockFreq_Value=240000000
PE2.GPIOParameters=GPIO_Speed,GPIO_PuPd,GPIO_Mode
RCC.USBFreq_Value=48000000
ADC1.Ratio=4
Dma.SAI1_B.1.SyncEnable=DISABLE
PA1.Signal=ADC1_INP17
RCC.CKPERFreq_Value=64000000
PD2.Mode=SD_4_bits_Wide_bus
board=custom
FATFS._FS_EXFAT=1
MxCube.Version=5.6.1
ADC1.Channel-20\#ChannelRegularConversion=ADC_CHANNEL_3
RCC.FDCANFreq_Value=480000000
PE5.Mode=SAI_A_MasterWithClock
RCC.ADCFreq_Value=64000000
PA10.GPIOParameters=GPIO_Speed_High_Default
VP_SYS_VS_Systick.Mode=SysTick
SH.FMC_D12_DA12.0=FMC_D12,sd-16b-d1
PF1.Signal=FMC_A1
SH.FMC_D11_DA11.ConfNb=1
ADC1.NbrOfConversion=12
RCC.IPParameters=ADCCLockSelection,ADCFreq_Value,AHB12Freq_Value,AHB4Freq_Value,APB1Freq_Value,APB2Freq_Value,APB3Freq_Value,APB4Freq_Value,AXIClockFreq_Value,CECFreq_Value,CKPERFreq_Value,CortexFreq_Value,CpuClockFreq_Value,D1CPREFreq_Value,D1PPRE,D2PPRE1,D2PPRE2,D3PPRE,DFSDMACLkFreq_Value,DFSDMFreq_Value,DIVM1,DIVM2,DIVN1,DIVN2,DIVP1Freq_Value,DIVP2,DIVP2Freq_Value,DIVP3Freq_Value,DIVQ1Freq_Value,DIVQ2Freq_Value,DIVQ3Freq_Value,DIVR1Freq_Value,DIVR2Freq_Value,DIVR3Freq_Value,FDCANFreq_Value,FMCFreq_Value,FamilyName,HCLK3ClockFreq_Value,HCLKFreq_Value,HPRE,HRTIMCLockSelection,HRTIMFreq_Value,I2C123Freq_Value,I2C4Freq_Value,LPTIM1Freq_Value,LPTIM2Freq_Value,LPTIM345Freq_Value,LPUART1Freq_Value,LTDCFreq_Value,MCO1PinFreq_Value,MCO2PinFreq_Value,PLL2FRACN,PLL2_VCI_Range-AdvancedSettings,PLL3FRACN,PLL3_VCI_Range-AdvancedSettings,PLLFRACN,PLLSourceVirtual,QSPIFreq_Value,RNGFreq_Value,RTCFreq_Value,SAI1CLockSelection,SAI1Freq_Value,SAI23Freq_Value,SAI4AFreq_Value,SAI4BFreq_Value,SDMMC1CLockSelection,SDMMCFreq_Value,SPDIFRXFreq_Value,SPI123Freq_Value,SPI45Freq_Value,SPI6Freq_Value,SWPMI1Freq_Value,SYSCLKFreq_VALUE,SYSCLKSource,Tim1OutputFreq_Value,Tim2OutputFreq_Value,TraceFreq_Value,USART16Freq_Value,USART234578Freq_Value,USBCLockSelection,USBFreq_Value,VCO1OutputFreq_Value,VCO2OutputFreq_Value,VCO3OutputFreq_Value,VCOInput1Freq_Value,VCOInput2Freq_Value,VCOInput3Freq_Value
ProjectManager.AskForMigrate=true
PE0.Signal=FMC_NBL0
Dma.SAI1_B.1.SyncSignalID=NONE
PE12.Signal=FMC_D9_DA9
ADC1.Offset-16\#ChannelRegularConversion=32768
Mcu.IP8=NVIC
SH.ADCx_INP8.ConfNb=1
HRTIM.Configuration_TE=Simple
Mcu.IP9=RCC
Mcu.IP6=HRTIM
HRTIM.Configuration_TD=Simple
HRTIM.Configuration_TC=Simple
Mcu.IP7=I2C2
ProjectManager.CoupleFile=true
HRTIM.Configuration_TB=Simple
RCC.SYSCLKFreq_VALUE=480000000
RCC.I2C123Freq_Value=120000000
PA1.Locked=true
KeepUserPlacement=false
SH.ADCx_INP14.ConfNb=1
SH.ADCx_INP19.ConfNb=1
Dma.ADC1.2.SyncRequestNumber=1
PC6.GPIOParameters=GPIO_PuPd
Dma.SAI1_A.0.MemBurst=DMA_MBURST_SINGLE
PC3_C.Signal=FMC_SDCKE0
PE5.GPIO_Speed=GPIO_SPEED_FREQ_VERY_HIGH
PCC.Seq0.Step1.Peripherals=
CORTEX_M7.CPU_DCache=Enabled
SH.ADCx_INP3.ConfNb=1
PCC.Seq0.Step0.Vdd=3.0
Dma.ADC1.2.MemBurst=DMA_MBURST_SINGLE
PD2.GPIO_Speed_High_Default=GPIO_SPEED_FREQ_MEDIUM
SH.FMC_D8_DA8.ConfNb=1
Dma.SAI1_A.0.SyncEnable=DISABLE
PA6.Locked=true
SH.FMC_D7_DA7.0=FMC_D7,sd-16b-d1
PCC.Series=STM32H7
SH.FMC_A4.ConfNb=1
FMC.RCDDelay1=2
PB10.Mode=I2C
VP_FATFS_VS_SDIO.Mode=SDIO
RCC.PLL2_VCI_Range-AdvancedSettings=RCC_PLL2VCIRANGE_1
PG4.Signal=FMC_A14_BA0
NVIC.DMA1_Stream2_IRQn=true\:3\:0\:true\:false\:true\:false\:true
PC12.Signal=SDMMC1_CK
FMC.LoadToActiveDelay1=2
ADC1.Channel-26\#ChannelRegularConversion=ADC_CHANNEL_18
PinOutPanel.RotationAngle=0
RCC.MCO1PinFreq_Value=64000000
RCC.SYSCLKSource=RCC_SYSCLKSOURCE_PLLCLK
RCC.AHB4Freq_Value=240000000
PB11.GPIO_Speed=GPIO_SPEED_FREQ_VERY_HIGH
SH.FMC_A15_BA1.0=FMC_BA1,FourSdramBanks1
NVIC.SDMMC1_IRQn=true\:7\:0\:true\:false\:true\:true\:true
SH.FMC_A12.ConfNb=1
PA14\ (JTCK/SWCLK).Signal=DEBUG_JTCK-SWCLK
PC10.GPIO_Speed_High_Default=GPIO_SPEED_FREQ_MEDIUM
VP_FATFS_VS_SDIO.Signal=FATFS_VS_SDIO
PE2.Mode=SAI_A_MasterWithClock
SH.FMC_D10_DA10.ConfNb=1
PCC.Seq0.Step1.TaMax=124.98
RCC.DIVQ3Freq_Value=50390625
PE5.Signal=SAI1_SCK_A
ADC1.OffsetNumber-20\#ChannelRegularConversion=ADC_OFFSET_NONE
SH.ADCx_INP4.0=ADC1_INP4,IN4-Single-Ended
Dma.SAI1_B.1.PeriphDataAlignment=DMA_PDATAALIGN_WORD
PCC.Seq0.Step1.Vdd=3.0
PA9.GPIO_Speed_High_Default=GPIO_SPEED_FREQ_LOW
FATFS0.BSP.i2caddr=0
PA4.Locked=true
RCC.DIVM2=25
RCC.DIVM1=5
MxDb.Version=DB.5.0.60
PG6.GPIO_PuPd=GPIO_PULLUP
Dma.ADC1.2.MemDataAlignment=DMA_MDATAALIGN_WORD
SH.FMC_D15_DA15.ConfNb=1
PA0.Mode=IN16-Single-Ended
Dma.ADC1.2.Direction=DMA_PERIPH_TO_MEMORY
PE2.Signal=SAI1_MCLK_A
PA14\ (JTCK/SWCLK).Mode=Trace_Asynchronous_SW
NVIC.PendSV_IRQn=true\:0\:0\:false\:false\:true\:false\:false
PF3.Signal=FMC_A3
NVIC.SAI1_IRQn=true\:0\:0\:false\:false\:true\:true\:true
RCC.DIVR2Freq_Value=172000000
PE10.Signal=FMC_D7_DA7
ADC1.OffsetNumber-27\#ChannelRegularConversion=ADC_OFFSET_NONE
RCC.MCO2PinFreq_Value=480000000
PC8.GPIOParameters=GPIO_PuPd,GPIO_Speed_High_Default,GPIO_Mode
ADC1.EnableInjectedConversion=DISABLE
FATFS0.BSP.solution=PC13
PC6.GPIO_PuPd=GPIO_PULLUP
RCC.DFSDMFreq_Value=120000000
SH.FMC_A1.0=FMC_A1,13b-sda1
PCC.Seq0.Step1.DMIPS=0.0
SH.FMC_SDCLK.0=FMC_SDCLK,13b-sda1
RCC.TraceFreq_Value=480000000
RCC.APB4Freq_Value=120000000
RCC.CECFreq_Value=32000
RCC.SAI23Freq_Value=480000000
PF14.Signal=FMC_A8
NVIC.BusFault_IRQn=true\:0\:0\:false\:false\:true\:false\:false
PB10.GPIOParameters=GPIO_Speed,GPIO_PuPd
PC12.GPIO_PuPd=GPIO_PULLUP
Dma.ADC1.2.EventEnable=DISABLE
FMC.ColumnBitsNumber1=FMC_SDRAM_COLUMN_BITS_NUM_9
Dma.ADC1.2.Polarity=HAL_DMAMUX_REQ_GEN_RISING
PE6.GPIO_Speed=GPIO_SPEED_FREQ_VERY_HIGH
PH0-OSC_IN\ (PH0).Mode=HSE-External-Oscillator
SH.FMC_D3_DA3.0=FMC_D3,sd-16b-d1
ProjectManager.CustomerFirmwarePackage=
Dma.SAI1_A.0.FIFOThreshold=DMA_FIFO_THRESHOLD_FULL
Dma.SAI1_B.1.EventEnable=DISABLE
PCC.Seq0.Step0.Category=In DS Table
SH.FMC_A7.ConfNb=1
SH.FMC_A1.ConfNb=1
PD2.GPIO_PuPd=GPIO_PULLUP
VP_SAI1_VP_$IpInstance_SAIA_SAI_BASIC.Mode=SAI_A_BASIC
ADC1.IPParameters=ClockPrescaler,ConversionDataManagement,EOCSelection,EnableInjectedConversion,EnableRegularConversion,Rank-16\#ChannelRegularConversion,Channel-16\#ChannelRegularConversion,SamplingTime-16\#ChannelRegularConversion,OffsetNumber-16\#ChannelRegularConversion,NbrOfConversionFlag,Rank-17\#ChannelRegularConversion,Channel-17\#ChannelRegularConversion,SamplingTime-17\#ChannelRegularConversion,OffsetNumber-17\#ChannelRegularConversion,Rank-18\#ChannelRegularConversion,Channel-18\#ChannelRegularConversion,SamplingTime-18\#ChannelRegularConversion,OffsetNumber-18\#ChannelRegularConversion,Rank-19\#ChannelRegularConversion,Channel-19\#ChannelRegularConversion,SamplingTime-19\#ChannelRegularConversion,OffsetNumber-19\#ChannelRegularConversion,NbrOfConversion,Offset-16\#ChannelRegularConversion,Offset-17\#ChannelRegularConversion,Offset-18\#ChannelRegularConversion,Offset-19\#ChannelRegularConversion,OversamplingMode,NbrOfDiscConversion,Overrun,ExternalTrigConvEdge,RightBitShift,Ratio,OversamplingStopReset,TriggeredMode,Rank-20\#ChannelRegularConversion,Channel-20\#ChannelRegularConversion,SamplingTime-20\#ChannelRegularConversion,OffsetNumber-20\#ChannelRegularConversion,Rank-21\#ChannelRegularConversion,Channel-21\#ChannelRegularConversion,SamplingTime-21\#ChannelRegularConversion,OffsetNumber-21\#ChannelRegularConversion,Rank-22\#ChannelRegularConversion,Channel-22\#ChannelRegularConversion,SamplingTime-22\#ChannelRegularConversion,OffsetNumber-22\#ChannelRegularConversion,Rank-23\#ChannelRegularConversion,Channel-23\#ChannelRegularConversion,SamplingTime-23\#ChannelRegularConversion,OffsetNumber-23\#ChannelRegularConversion,Rank-24\#ChannelRegularConversion,Channel-24\#ChannelRegularConversion,SamplingTime-24\#ChannelRegularConversion,OffsetNumber-24\#ChannelRegularConversion,Rank-25\#ChannelRegularConversion,Channel-25\#ChannelRegularConversion,SamplingTime-25\#ChannelRegularConversion,OffsetNumber-25\#ChannelRegularConversion,Rank-26\#ChannelRegularConversion,Channel-26\#ChannelRegularConversion,SamplingTime-26\#ChannelRegularConversion,OffsetNumber-26\#ChannelRegularConversion,Rank-27\#ChannelRegularConversion,Channel-27\#ChannelRegularConversion,SamplingTime-27\#ChannelRegularConversion,OffsetNumber-27\#ChannelRegularConversion,master,ContinuousConvMode
RCC.SWPMI1Freq_Value=120000000
PC6.Signal=GPIO_Input
PD13.GPIOParameters=GPIO_PuPd
PD1.Signal=FMC_D3_DA3
VP_SAI1_VP_$IpInstance_SAIA_SAI_BASIC.Signal=SAI1_VP_$IpInstance_SAIA_SAI_BASIC
RCC.DIVP2=7
PCC.Line=STM32H743/753
ADC1.ExternalTrigConvEdge=ADC_EXTERNALTRIGCONVEDGE_NONE
ADC1.SamplingTime-25\#ChannelRegularConversion=ADC_SAMPLETIME_32CYCLES_5
PC0.Signal=FMC_SDNWE
PC11.GPIOParameters=GPIO_PuPd,GPIO_Speed_High_Default,GPIO_Mode
RCC.QSPIFreq_Value=240000000
SH.FMC_A3.0=FMC_A3,13b-sda1
RCC.USART234578Freq_Value=120000000
FMC.CASLatency1=FMC_SDRAM_CAS_LATENCY_2
RCC.SPI123Freq_Value=480000000
PB11.Mode=I2C
Dma.SAI1_A.0.RequestNumber=1
SH.FMC_D15_DA15.0=FMC_D15,sd-16b-d1
Dma.SAI1_B.1.MemBurst=DMA_MBURST_SINGLE
PC6.Locked=true
PA9.Signal=HRTIM_CHC1
RCC.DIVN2=344
RCC.DIVN1=192
PC2_C.Mode=SdramChipSelect1_1
Dma.ADC1.2.RequestParameters=Instance,Direction,PeriphInc,MemInc,PeriphDataAlignment,MemDataAlignment,Mode,Priority,FIFOMode,FIFOThreshold,MemBurst,PeriphBurst,SignalID,Polarity,RequestNumber,SyncSignalID,SyncPolarity,SyncEnable,EventEnable,SyncRequestNumber
PC7.GPIO_PuPd=GPIO_PULLUP
PB10.Signal=I2C2_SCL
SH.ADCx_INP8.0=ADC1_INP8,IN8-Single-Ended
SH.ADCx_INP5.ConfNb=1
ADC1.TriggeredMode=ADC_TRIGGEREDMODE_SINGLE_TRIGGER
FATFS.BSP.number=1
RCC.USBCLockSelection=RCC_USBCLKSOURCE_HSI48
ProjectManager.LastFirmware=true
Dma.SAI1_A.0.PeriphInc=DMA_PINC_DISABLE
ADC1.SamplingTime-26\#ChannelRegularConversion=ADC_SAMPLETIME_32CYCLES_5
PA1.Mode=IN17-Single-Ended
PE15.Signal=FMC_D12_DA12
PE8.Signal=FMC_D5_DA5
PCC.Seq0.Step0.SubMode3=DRUN
PCC.Seq0.Step0.SubMode2=DRUN
FATFS0.BSP.i2creg=
RCC.RNGFreq_Value=48000000
PC11.GPIO_Mode=GPIO_MODE_AF_PP
PCC.Seq0.Step0.SubMode1=DRUN/CRUN
ADC1.Rank-24\#ChannelRegularConversion=9
SH.FMC_SDNCAS.0=FMC_SDNCAS,13b-sda1
ProjectManager.FreePins=true
RCC.LPTIM2Freq_Value=120000000
SH.FMC_NBL1.ConfNb=1
Dma.ADC1.2.SyncEnable=DISABLE
ProjectManager.UnderRoot=true
PE4.GPIO_PuPd=GPIO_NOPULL
PC12.GPIO_Speed_High_Default=GPIO_SPEED_FREQ_MEDIUM
SH.FMC_D7_DA7.ConfNb=1
Dma.SAI1_B.1.MemDataAlignment=DMA_MDATAALIGN_WORD
PC8.GPIO_Speed_High_Default=GPIO_SPEED_FREQ_MEDIUM
PA4.Signal=ADCx_INP18
Dma.SAI1_B.1.FIFOThreshold=DMA_FIFO_THRESHOLD_FULL
PE3.GPIO_Speed=GPIO_SPEED_FREQ_VERY_HIGH
SH.FMC_A10.ConfNb=1
ProjectManager.CompilerOptimize=6
SH.FMC_A5.0=FMC_A5,13b-sda1
PA11.Signal=HRTIM_CHD1
ADC1.OffsetNumber-16\#ChannelRegularConversion=ADC_OFFSET_1
RCC.LPTIM345Freq_Value=120000000
ProjectManager.ComputerToolchain=false
RCC.LTDCFreq_Value=50390625
PB3\ (JTDO/TRACESWO).Mode=Trace_Asynchronous_SW
ADC1.EnableRegularConversion=ENABLE
SH.ADCx_INP19.0=ADC1_INP19,IN19-Single-Ended
PA8.Mode=Output_TB2
PCC.Seq0.Step1.Vcore=SVOS5\: System-Scale5
PCC.Seq0.Step1.Voltage_Source=Battery
SH.FMC_D12_DA12.ConfNb=1
RCC.HCLK3ClockFreq_Value=240000000
PCC.Seq0=2
PB0.Signal=ADCx_INP9
Dma.SAI1_A.0.FIFOMode=DMA_FIFOMODE_ENABLE
Dma.SAI1_A.0.Instance=DMA1_Stream1
Dma.SAI1_A.0.PeriphDataAlignment=DMA_PDATAALIGN_WORD
PG7.GPIOParameters=GPIO_Speed_High_Default
PA13\ (JTMS/SWDIO).Signal=DEBUG_JTMS-SWDIO
Dma.SAI1_A.0.RequestParameters=Instance,Direction,PeriphInc,MemInc,PeriphDataAlignment,MemDataAlignment,Mode,Priority,FIFOMode,FIFOThreshold,MemBurst,PeriphBurst,SignalID,Polarity,RequestNumber,SyncSignalID,SyncPolarity,SyncEnable,EventEnable,SyncRequestNumber
RCC.DIVQ2Freq_Value=172000000
ADC1.RightBitShift=ADC_RIGHTBITSHIFT_2
I2C2.IPParameters=Timing,I2C_Speed_Mode
RCC.SAI1Freq_Value=49142857.14285714
RCC.CortexFreq_Value=480000000
SH.FMC_A2.ConfNb=1
PG6.Signal=GPIO_Input
PB10.GPIO_Speed=GPIO_SPEED_FREQ_VERY_HIGH
Mcu.UserName=STM32H743ZITx
PC14-OSC32_IN\ (OSC32_IN).GPIO_PuPd=GPIO_PULLDOWN
RCC.HPRE=RCC_HCLK_DIV2
PCC.Seq0.Step0.User's_Consumption=0 mA
Dma.ADC1.2.SyncPolarity=HAL_DMAMUX_SYNC_NO_EVENT
PG6.Locked=true
PC10.Signal=SDMMC1_D2
I2C2.Timing=0x00B03FDB
SH.FMC_NBL0.0=FMC_NBL0,Sd2ByteEnable1
ProjectManager.functionlistsort=1-MX_GPIO_Init-GPIO-false-HAL-true,2-MX_DMA_Init-DMA-false-HAL-true,3-SystemClock_Config-RCC-false-HAL-false,4-MX_FMC_Init-FMC-false-HAL-true,5-MX_SDMMC1_SD_Init-SDMMC1-false-HAL-true,6-MX_FATFS_Init-FATFS-false-HAL-false,7-MX_SAI1_Init-SAI1-false-HAL-true,8-MX_RNG_Init-RNG-false-HAL-true,9-MX_SPI2_Init-SPI2-false-HAL-true,10-MX_I2C2_Init-I2C2-false-HAL-true,11-MX_ADC1_Init-ADC1-false-HAL-true,0-MX_CORTEX_M7_Init-CORTEX_M7-false-HAL-true
SH.FMC_D6_DA6.0=FMC_D6,sd-16b-d1
SDMMC1.ClockDiv=16
ADC1.SamplingTime-21\#ChannelRegularConversion=ADC_SAMPLETIME_32CYCLES_5
ADC1.SamplingTime-24\#ChannelRegularConversion=ADC_SAMPLETIME_32CYCLES_5
PCC.Seq0.Step1.Duration=0.9 ms
PB11.Signal=I2C2_SDA
PE5.GPIOParameters=GPIO_Speed,GPIO_PuPd,GPIO_Mode
ProjectManager.StackSize=0x400
RCC.VCOInput3Freq_Value=781250
SH.FMC_A7.0=FMC_A7,13b-sda1
PA12.Signal=HRTIM_CHD2
Mcu.UserConstants=
PE5.GPIO_PuPd=GPIO_NOPULL
Mcu.ThirdPartyNb=0
FMC.BankMapConfig=FMC_SWAPBMAP_SDRAM_SRAM
RCC.HCLKFreq_Value=240000000
Mcu.IPNb=14
RCC.SPDIFRXFreq_Value=480000000
PF12.Signal=FMC_A6
Mcu.Pin6=PC14-OSC32_IN (OSC32_IN)
Mcu.Pin7=PF0
Mcu.Pin8=PF1
Mcu.Pin9=PF2
Dma.SAI1_A.0.SyncPolarity=HAL_DMAMUX_SYNC_NO_EVENT
PC9.GPIO_Speed_High_Default=GPIO_SPEED_FREQ_MEDIUM
PC2_C.Signal=FMC_SDNE0
SH.FMC_A10.0=FMC_A10,13b-sda1
Mcu.Pin0=PE2
Mcu.Pin1=PE3
GPIO.groupedBy=Group By Peripherals
Mcu.Pin2=PE4
Mcu.Pin3=PE5
Mcu.Pin4=PE6
Mcu.Pin5=PC13
ADC1.Rank-20\#ChannelRegularConversion=5
SH.FMC_D8_DA8.0=FMC_D8,sd-16b-d1
FMC.RPDelay2=2
PCC.Seq0.Step0.DMIPS=856.00006
FMC.RPDelay1=2
HRTIM.PWMChannel_TD1=HRTIM_OUTPUT_TD1
SH.FMC_D2_DA2.0=FMC_D2,sd-16b-d1
PE13.Signal=FMC_D10_DA10
PE4.GPIO_Speed=GPIO_SPEED_FREQ_VERY_HIGH
ADC1.Rank-19\#ChannelRegularConversion=4
File.Version=6
HRTIM.PWMChannel_TC2=HRTIM_OUTPUT_TC2
Dma.SAI1_A.0.EventEnable=DISABLE
HRTIM.PWMChannel_TC1=HRTIM_OUTPUT_TC1
SH.FMC_D5_DA5.ConfNb=1
SH.FMC_D2_DA2.ConfNb=1
PE4.Mode=SAI_A_MasterWithClock
SH.FMC_SDNRAS.0=FMC_SDNRAS,13b-sda1
PE4.Signal=SAI1_FS_A
PE6.GPIOParameters=GPIO_Speed,GPIO_PuPd,GPIO_Mode
Dma.RequestsNb=3
ProjectManager.ProjectName=cube_for_new_genera_brain4
FATFS._USE_LABEL=1
HRTIM.OCChannel_TC2=__NULL
RCC.APB3Freq_Value=120000000
ADC1.Channel-27\#ChannelRegularConversion=ADC_CHANNEL_19
PA7.Locked=true
HRTIM.PWMChannel_TB2=HRTIM_OUTPUT_TB2
SH.FMC_D0_DA0.0=FMC_D0,sd-16b-d1
ADC1.SamplingTime-27\#ChannelRegularConversion=ADC_SAMPLETIME_32CYCLES_5
RCC.D1PPRE=RCC_APB3_DIV2
RCC.SDMMC1CLockSelection=RCC_SDMMCCLKSOURCE_PLL2
SH.ADCx_INP15.ConfNb=1
SH.FMC_A9.0=FMC_A9,13b-sda1
SH.FMC_D4_DA4.0=FMC_D4,sd-16b-d1
PG7.GPIO_Speed_High_Default=GPIO_SPEED_FREQ_LOW
ADC1.Channel-21\#ChannelRegularConversion=ADC_CHANNEL_7
PF5.Signal=FMC_A5
PCC.Seq0.Step0.Duration=1 ms
PE3.GPIO_Mode=GPIO_MODE_AF_PP
Dma.SAI1_B.1.SignalID=NONE
HRTIM.PWMChannel_TE2=HRTIM_OUTPUT_TE2
PC4.Locked=true
PCC.Seq0.Step0.Peripherals=Bridge_AHB3 FMC SDMMC1 Bridge_AHB2 Bridge_APB1 Bridge_APB2 I2C2 RNG SAI1 SPI2 Bridge_AHB4 Bridge_APB4 GPIOA GPIOB GPIOC GPIOD GPIOE GPIOF GPIOG GPIOH SYS
SH.ADCx_INP15.0=ADC1_INP15,IN15-Single-Ended
PF0.Signal=FMC_A0
SH.FMC_NBL0.ConfNb=1
PCC.Seq0.Step1.Mode=STOP
PE3.Mode=SAI_B_SyncSlave
RCC.Tim2OutputFreq_Value=240000000
RCC.DFSDMACLkFreq_Value=49142857.14285714
HRTIM.PWMChannel_TD2=HRTIM_OUTPUT_TD2
PCC.Seq0.Step1.CPU_Frequency=0 Hz
SH.FMC_A12.0=FMC_A12,13b-sda1
PA2.Locked=true
RCC.PLLSourceVirtual=RCC_PLLSOURCE_HSE
SH.FMC_A9.ConfNb=1
CORTEX_M7.CPU_ICache=Enabled
ADC1.Rank-22\#ChannelRegularConversion=7
PA13\ (JTMS/SWDIO).Mode=Trace_Asynchronous_SW
Dma.SAI1_B.1.Polarity=HAL_DMAMUX_REQ_GEN_RISING
PE6.GPIO_Mode=GPIO_MODE_AF_PP
ProjectManager.NoMain=false
ADC1.SamplingTime-16\#ChannelRegularConversion=ADC_SAMPLETIME_32CYCLES_5
PG1.Signal=FMC_A11
Dma.ADC1.2.PeriphDataAlignment=DMA_PDATAALIGN_WORD
RCC.SAI4BFreq_Value=480000000
SH.FMC_SDCLK.ConfNb=1
PC4.Signal=ADCx_INP4
PE5.GPIO_Mode=GPIO_MODE_AF_PP
RCC.D2PPRE2=RCC_APB2_DIV2
RCC.D2PPRE1=RCC_APB1_DIV2
NVIC.DMA1_Stream1_IRQn=true\:2\:0\:true\:false\:true\:false\:true
VP_RNG_VS_RNG.Mode=RNG_Activate
Dma.SAI1_A.0.MemInc=DMA_MINC_ENABLE
ADC1.OffsetNumber-26\#ChannelRegularConversion=ADC_OFFSET_NONE
ADC1.Rank-25\#ChannelRegularConversion=10
PC14-OSC32_IN\ (OSC32_IN).Locked=true
RCC.SPI6Freq_Value=120000000
PC12.GPIOParameters=GPIO_PuPd,GPIO_Speed_High_Default
SH.ADCx_INP9.ConfNb=1
PCC.Seq0.Step0.TaMax=110.11
PE4.GPIO_Mode=GPIO_MODE_AF_PP
RCC.SPI45Freq_Value=120000000
PB3\ (JTDO/TRACESWO).Locked=true
PB3\ (JTDO/TRACESWO).Signal=DEBUG_JTDO-SWO
ProjectManager.TargetToolchain=STM32CubeIDE
ADC1.OffsetNumber-21\#ChannelRegularConversion=ADC_OFFSET_NONE
FATFS0.BSP.condition=
PCC.Seq0.Step1.User's_Consumption=0 mA
SH.FMC_D1_DA1.ConfNb=1
PC11.GPIO_Speed_High_Default=GPIO_SPEED_FREQ_MEDIUM
PF2.Signal=FMC_A2
PE11.Signal=FMC_D8_DA8
PG7.Mode=Output_TE2
PB1.Locked=true
Dma.SAI1_A.0.Priority=DMA_PRIORITY_VERY_HIGH
SAI1.IPParameters=Instance-SAI_A_MasterWithClock,VirtualMode-SAI_A_MasterWithClock,MClockEnable-SAI_A_MasterWithClock,RealAudioFreq-SAI_A_MasterWithClock,ErrorAudioFreq-SAI_A_MasterWithClock,Instance-SAI_B_SyncSlave,VirtualMode-SAI_B_SyncSlave,AudioFrequency-SAI_A_MasterWithClock,FIFOThreshold-SAI_A_MasterWithClock,FIFOThreshold-SAI_B_SyncSlave,InitProtocol-SAI_A_MasterWithClock,VirtualProtocol-SAI_A_BASIC,InitProtocol-SAI_B_SyncSlave,VirtualProtocol-SAI_B_BASIC,BasicDataSize-SAI_A_MasterWithClock,BasicDataSize-SAI_B_SyncSlave,OutputDrive-SAI_A_MasterWithClock
PCC.Temperature=25
ADC1.NbrOfDiscConversion=4
RCC.VCOInput1Freq_Value=5000000
FATFS.USE_DMA_CODE_SD=0
SAI1.BasicDataSize-SAI_A_MasterWithClock=SAI_PROTOCOL_DATASIZE_32BIT
RCC.APB2Freq_Value=120000000
HRTIM.PWMPulse_TD1=0x7ff
PCC.Seq0.Step0.Frequency=25 MHz
ADC1.Channel-24\#ChannelRegularConversion=ADC_CHANNEL_17
HRTIM.PWMPulse_TD2=0x7ff
SH.FMC_D13_DA13.ConfNb=1
PC13.GPIOParameters=GPIO_PuPd
PD13.GPIO_PuPd=GPIO_PULLUP
ADC1.Channel-16\#ChannelRegularConversion=ADC_CHANNEL_9
PF15.Signal=FMC_A9
PE6.Signal=SAI1_SD_A
HRTIM.PWMPulse_TE2=0x7ff
Mcu.Name=STM32H743ZITx
RCC.PLL3_VCI_Range-AdvancedSettings=RCC_PLL3VCIRANGE_0
PA2.Signal=ADCx_INP14
PD14.Signal=FMC_D0_DA0
PCC.Seq0.Step0.Memory=SRAM1
Dma.ADC1.2.Priority=DMA_PRIORITY_VERY_HIGH
PA12.Mode=Output_TD1TD2
Dma.ADC1.2.PeriphInc=DMA_PINC_DISABLE
HRTIM.PWMPulse_TB2=0x7ff
Dma.SAI1_B.1.Direction=DMA_PERIPH_TO_MEMORY
PC14-OSC32_IN\ (OSC32_IN).Signal=GPIO_Output
SAI1.Instance-SAI_B_SyncSlave=SAI$Index_Block_B
PCC.Seq0.Step1.Frequency=0 Hz
RCC.SAI4AFreq_Value=480000000
ADC1.NbrOfConversionFlag=1
FATFS0.BSP.component=
ADC1.OffsetNumber-18\#ChannelRegularConversion=ADC_OFFSET_3
RCC.DIVQ1Freq_Value=480000000
Dma.SAI1_B.1.SyncRequestNumber=1
RCC.D3PPRE=RCC_APB4_DIV2
PC9.Signal=SDMMC1_D1
SDMMC1.IPParameters=ClockDiv
RCC.VCOInput2Freq_Value=1000000
HRTIM.PWMPulse_TC2=0x7ff
RCC.APB1Freq_Value=120000000
HRTIM.PWMPulse_TC1=0x7ff
SAI1.InitProtocol-SAI_B_SyncSlave=Enable
ADC1.ClockPrescaler=ADC_CLOCK_ASYNC_DIV4
Dma.ADC1.2.FIFOThreshold=DMA_FIFO_THRESHOLD_FULL
ProjectManager.DeviceId=STM32H743ZITx
ProjectManager.LibraryCopy=1
PA7.Signal=ADCx_INP7
isbadioc=false
