#MicroXplorer Configuration settings - do not modify
PD7.Mode=Full_Duplex_Master
Bdma.ADC3.0.PeriphInc=DMA_PINC_DISABLE
Dma.SAI1_B.2.MemBurst=DMA_MBURST_SINGLE
SH.FMC_D0_DA0.ConfNb=1
Bdma.Request0=ADC3
Dma.SAI1_A.1.SignalID=NONE
SH.FMC_A8.ConfNb=1
SH.FMC_A0.ConfNb=1
SH.FMC_D6_DA6.ConfNb=1
PC10.GPIO_PuPd=GPIO_PULLUP
FMC.SDClockPeriod2=FMC_SDRAM_CLOCK_PERIOD_3
SH.FMC_D9_DA9.ConfNb=1
FMC.SDClockPeriod1=FMC_SDRAM_CLOCK_PERIOD_3
SH.FMC_A0.0=FMC_A0,13b-sda1
Dma.SAI1_B.2.MemDataAlignment=DMA_MDATAALIGN_WORD
FATFS0.BSP.api=Unknown
PB10.GPIO_PuPd=GPIO_NOPULL
PG8.Signal=FMC_SDCLK
Dma.SAI1_A.1.SyncSignalID=NONE
PG0.Signal=FMC_A10
PC7.Locked=true
RCC.PLLFRACN=0
PC3_C.Mode=SdramChipSelect1_1
I2C2.NoStretchMode=I2C_NOSTRETCH_DISABLE
SAI1.Instance-SAI_A_MasterWithClock=SAI$Index_Block_A
RCC.RTCFreq_Value=32000
Dma.SAI1_A.1.Mode=DMA_CIRCULAR
RCC.CpuClockFreq_Value=480000000
PD2.GPIOParameters=GPIO_PuPd
SH.FMC_SDNWE.ConfNb=1
SH.ADCx_INP5.0=ADC1_INP5,IN5-Single-Ended
SH.S_TIM4_CH4.ConfNb=1
SH.FMC_D5_DA5.0=FMC_D5,sd-16b-d1
Bdma.ADC3.0.Instance=BDMA_Channel0
SH.FMC_D9_DA9.0=FMC_D9,sd-16b-d1
RCC.LPTIM1Freq_Value=120000000
NVIC.SVCall_IRQn=true\:0\:0\:false\:false\:true\:false\:false
ADC1.Channel-5\#ChannelRegularConversion=ADC_CHANNEL_14
SH.S_TIM3_CH2.ConfNb=1
PF7.Signal=ADC3_INP3
SH.FMC_SDNWE.0=FMC_SDNWE,13b-sda1
Bdma.ADC3.0.SignalID=NONE
SPI1.Direction=SPI_DIRECTION_2LINES
SH.FMC_D11_DA11.0=FMC_D11,sd-16b-d1
Dma.SAI1_A.1.Instance=DMA1_Stream1
RCC.I2C4Freq_Value=120000000
PB6.Signal=S_TIM4_CH1
Dma.ADC1.0.Direction=DMA_PERIPH_TO_MEMORY
PC7.Signal=USART6_RX
VP_SAI1_VP_$IpInstance_SAIB_SAI_BASIC.Signal=SAI1_VP_$IpInstance_SAIB_SAI_BASIC
SPI1.CalculateBaudRate=15.0 MBits/s
PD0.Signal=FMC_D2_DA2
PD8.Signal=FMC_D13_DA13
USART6.VirtualMode-Asynchronous=VM_ASYNC
Dma.SAI1_A.1.FIFOMode=DMA_FIFOMODE_ENABLE
PE1.Signal=FMC_NBL1
Dma.ADC1.0.MemDataAlignment=DMA_MDATAALIGN_HALFWORD
FATFS0.BSP.ip=GPIO
ProjectManager.ProjectBuild=false
NVIC.UsageFault_IRQn=true\:0\:0\:false\:false\:true\:false\:false
PA8.Locked=true
PG14.Mode=Asynchronous
FMC.SelfRefreshTime1=4
ProjectManager.FirmwarePackage=STM32Cube FW_H7 V1.7.0
ProjectManager.BackupPrevious=false
RCC.FMCFreq_Value=240000000
RCC.SAI1CLockSelection=RCC_SAI1CLKSOURCE_PLL2
PE9.Signal=FMC_D6_DA6
SH.FMC_A2.0=FMC_A2,13b-sda1
RCC.USART16Freq_Value=120000000
SPI1.DataSize=SPI_DATASIZE_8BIT
PC9.Mode=SD_4_bits_Wide_bus
PA8.Signal=GPIO_Output
SH.FMC_D1_DA1.0=FMC_D1,sd-16b-d1
ProjectManager.HalAssertFull=false
RCC.DIVP2Freq_Value=49142857.14285714
SH.ADCx_INP3.0=ADC1_INP3,IN3-Single-Ended
PA0.Signal=ADC1_INP16
SH.ADCx_INP4.ConfNb=1
ADC1.OffsetNumber-5\#ChannelRegularConversion=ADC_OFFSET_NONE
Mcu.Package=LQFP144
PB9.Signal=S_TIM4_CH4
SAI1.AudioFrequency-SAI_A_MasterWithClock=SAI_AUDIO_FREQUENCY_48K
PB1.Signal=ADCx_INP5
I2C2.I2C_Fall_Time=5
RCC.PLL3FRACN=0
SH.ADCx_INP18.ConfNb=1
PD12.Signal=GPIO_Output
Dma.SAI1_B.2.Polarity=HAL_DMAMUX_REQ_GEN_RISING
SH.FMC_SDNCAS.ConfNb=1
VP_SYS_VS_Systick.Signal=SYS_VS_Systick
SH.FMC_A11.ConfNb=1
PA10.Signal=S_TIM1_CH3
FMC.WriteRecoveryTime1=2
PC11.Mode=SD_4_bits_Wide_bus
VP_SAI1_VP_$IpInstance_SYNCHRO_EXTERNAL.Mode=SynchroExternal
SH.S_TIM4_CH1.0=TIM4_CH1,PWM Generation1 CH1
RCC.LPUART1Freq_Value=120000000
FMC.RowCycleDelay2=6
FMC.RowCycleDelay1=6
ADC3.OffsetNumber-2\#ChannelRegularConversion=ADC_OFFSET_NONE
TIM4.Channel-PWM\ Generation4\ CH4=TIM_CHANNEL_4
SH.ADCx_INP7.ConfNb=1
ADC1.EOCSelection=ADC_EOC_SEQ_CONV
PD15.Signal=FMC_D1_DA1
ADC1.Rank-4\#ChannelRegularConversion=5
RCC.VCO3OutputFreq_Value=100781250
SH.FMC_D3_DA3.ConfNb=1
Mcu.Pin80=PD0
Mcu.Pin81=PD1
SH.S_TIM4_CH1.ConfNb=1
FATFS0.BSP.STBoard=false
SH.FMC_A4.0=FMC_A4,13b-sda1
ProjectManager.ProjectFileName=cube_for_new_genera_brain4.ioc
SH.FMC_A5.ConfNb=1
Mcu.Pin79=PC12
ADC3.OffsetNumber-1\#ChannelRegularConversion=ADC_OFFSET_NONE
Mcu.PinsNb=107
Mcu.Pin73=PA9
Mcu.Pin74=PA10
Mcu.Pin71=PC9
Mcu.Pin72=PA8
Mcu.Pin77=PC10
PC13.Locked=true
SAI1.MClockEnable-SAI_A_MasterWithClock=SAI_MASTERCLOCK_ENABLE
PG5.Signal=FMC_A15_BA1
Mcu.Pin78=PC11
ADC1.OffsetNumber-0\#ChannelRegularConversion=ADC_OFFSET_NONE
Mcu.Pin75=PA13 (JTMS/SWDIO)
Mcu.Pin76=PA14 (JTCK/SWCLK)
SH.FMC_D10_DA10.0=FMC_D10,sd-16b-d1
PC13.Signal=GPIO_Input
FATFS0.BSP.mode=Input
Mcu.Pin70=PC8
PG9.Mode=Full_Duplex_Master
SAI1.ErrorAudioFreq-SAI_A_MasterWithClock=-0.01 %
Mcu.Pin68=PC6
Mcu.Pin69=PC7
SH.ADCx_INP9.0=ADC1_INP9,IN9-Single-Ended
Mcu.Pin62=PG2
Mcu.Pin63=PG4
Mcu.Pin60=PD14
Mcu.Pin61=PD15
Mcu.Pin66=PG7
Mcu.Pin67=PG8
Mcu.Pin64=PG5
Mcu.Pin65=PG6
Dma.SAI1_B.2.PeriphInc=DMA_PINC_DISABLE
Bdma.ADC3.0.SyncSignalID=NONE
PD10.Signal=FMC_D15_DA15
RCC.D1CPREFreq_Value=480000000
RCC.Tim1OutputFreq_Value=240000000
Mcu.Pin59=PD12
Mcu.Pin57=PD10
PC15-OSC32_OUT\ (OSC32_OUT).Locked=true
Mcu.Pin58=PD11
Mcu.Pin51=PE15
Mcu.Pin52=PB10
Mcu.Pin50=PE14
Mcu.Pin55=PD8
Mcu.Pin56=PD9
Mcu.Pin53=PB11
Mcu.Pin54=PB15
Dma.ADC1.0.Priority=DMA_PRIORITY_HIGH
PB11.GPIOParameters=GPIO_Speed,GPIO_PuPd
Mcu.Pin48=PE12
Mcu.Pin49=PE13
Mcu.Pin46=PE10
Mcu.Pin47=PE11
SAI1.VirtualMode-SAI_A_MasterWithClock=VM_MASTER
VP_SAI1_VP_$IpInstance_SAIB_SAI_BASIC.Mode=SAI_B_BASIC
PG6.GPIOParameters=GPIO_PuPd
PA5.Signal=ADCx_INP19
Mcu.Pin40=PF15
Mcu.Pin41=PG0
Mcu.Pin44=PE8
PC12.Mode=SD_4_bits_Wide_bus
Mcu.Pin45=PE9
Mcu.Pin42=PG1
Mcu.Pin43=PE7
FMC.ReadBurst1=FMC_SDRAM_RBURST_ENABLE
SH.FMC_A6.0=FMC_A6,13b-sda1
FMC.ReadBurst2=FMC_SDRAM_RBURST_ENABLE
RCC.AHB12Freq_Value=240000000
PE14.Signal=FMC_D11_DA11
PE6.Mode=SAI_A_MasterWithClock
Mcu.Pin37=PF12
Mcu.Pin38=PF13
Mcu.Pin35=PB2
Mcu.Pin36=PF11
SPI1.Mode=SPI_MODE_MASTER
SH.FMC_D14_DA14.ConfNb=1
Mcu.Pin39=PF14
Mcu.Pin30=PA7
PC9.GPIO_PuPd=GPIO_PULLUP
Mcu.Pin33=PB0
Mcu.Pin34=PB1
Mcu.Pin31=PC4
Mcu.Pin32=PC5
NVIC.NonMaskableInt_IRQn=true\:0\:0\:false\:false\:true\:false\:false
SAI1.FIFOThreshold-SAI_A_MasterWithClock=SAI_FIFOTHRESHOLD_1QF
PF13.Signal=FMC_A7
PC10.GPIOParameters=GPIO_PuPd
PC9.GPIOParameters=GPIO_PuPd
Mcu.Pin26=PA3
Mcu.Pin27=PA4
Mcu.Pin24=PA1
Mcu.Pin25=PA2
CORTEX_M7.IPParameters=CPU_ICache,CPU_DCache
Dma.SAI1_A.1.PeriphBurst=DMA_PBURST_SINGLE
SH.ADCx_INP7.0=ADC1_INP7,IN7-Single-Ended
Mcu.Pin28=PA5
Mcu.Pin29=PA6
PC8.Mode=SD_4_bits_Wide_bus
PC8.GPIO_PuPd=GPIO_PULLUP
ADC3.Rank-1\#ChannelRegularConversion=1
Mcu.Pin22=PC3_C
Mcu.Pin23=PA0
Mcu.Pin20=PC1
ADC1.master=1
Mcu.Pin21=PC2_C
Bdma.ADC3.0.MemInc=DMA_MINC_ENABLE
PA10.Locked=true
NVIC.ForceEnableDMAVector=true
NVIC.MemoryManagement_IRQn=true\:0\:0\:false\:false\:true\:false\:false
Dma.ADC1.0.RequestNumber=1
SH.FMC_SDNRAS.ConfNb=1
ProjectManager.HeapSize=0x2000
Mcu.Pin15=PF7
NVIC.HardFault_IRQn=true\:0\:0\:false\:false\:true\:false\:false
Mcu.Pin16=PF8
ADC3.EOCSelection=ADC_EOC_SEQ_CONV
Mcu.Pin13=PF5
Mcu.Pin14=PF6
Mcu.Pin19=PC0
SH.GPXTI15.ConfNb=1
Mcu.Pin17=PH0-OSC_IN (PH0)
Mcu.Pin18=PH1-OSC_OUT (PH1)
SAI1.VirtualProtocol-SAI_B_BASIC=VM_BASIC_PROTOCOL
NVIC.PriorityGroup=NVIC_PRIORITYGROUP_4
Mcu.Pin11=PF3
Mcu.Pin12=PF4
Mcu.Pin10=PF2
ADC1.ConversionDataManagement=ADC_CONVERSIONDATA_DMA_CIRCULAR
PE3.Signal=SAI1_SD_B
Dma.SAI1_A.1.PeriphInc=DMA_PINC_DISABLE
PF4.Signal=FMC_A4
TIM1.Channel-PWM\ Generation3\ CH3=TIM_CHANNEL_3
PD2.Signal=SDMMC1_CMD
ADC1.Rank-5\#ChannelRegularConversion=6
FATFS0.BSP.name=Detect_SDIO
Mcu.Family=STM32H7
FMC.IPParameters=ColumnBitsNumber1,CASLatency1,SDClockPeriod1,SDClockPeriod2,ReadBurst1,ReadBurst2,LoadToActiveDelay1,ExitSelfRefreshDelay1,SelfRefreshTime1,RowCycleDelay1,RowCycleDelay2,WriteRecoveryTime1,RPDelay1,RPDelay2,RCDDelay1,BankMapConfig
ProjectManager.MainLocation=Src
SH.FMC_A6.ConfNb=1
SH.FMC_A8.0=FMC_A8,13b-sda1
ProjectManager.KeepUserCode=true
FATFS0.BSP.semaphore=
ADC1.ContinuousConvMode=ENABLE
ADC3.Channel-3\#ChannelRegularConversion=ADC_CHANNEL_7
SH.FMC_D14_DA14.0=FMC_D14,sd-16b-d1
PH0-OSC_IN\ (PH0).Signal=RCC_OSC_IN
PG2.Signal=FMC_A12
Dma.ADC1.0.Polarity=HAL_DMAMUX_REQ_GEN_RISING
ADC1.OffsetNumber-4\#ChannelRegularConversion=ADC_OFFSET_NONE
SH.ADCx_INP18.0=ADC1_INP18,IN18-Single-Ended
SAI1.VirtualProtocol-SAI_A_BASIC=VM_BASIC_PROTOCOL
PE2.GPIO_Speed=GPIO_SPEED_FREQ_VERY_HIGH
RCC.PLL2FRACN=0
SH.FMC_A14_BA0.0=FMC_BA0,FourSdramBanks1
RCC.VCO2OutputFreq_Value=344000000
SH.FMC_A11.0=FMC_A11,13b-sda1
SH.S_TIM1_CH3.ConfNb=1
SH.ADCx_INP11.ConfNb=1
PB15.Signal=GPIO_Output
Bdma.ADC3.0.SyncPolarity=HAL_DMAMUX_SYNC_NO_EVENT
PG15.Signal=FMC_SDNCAS
PG11.Signal=SPI1_SCK
ADC3.Rank-2\#ChannelRegularConversion=2
Dma.SAI1_A.1.RequestNumber=1
Mcu.IP4=DEBUG
Mcu.IP5=DMA
Mcu.IP2=BDMA
Mcu.IP3=CORTEX_M7
NVIC.BDMA_Channel0_IRQn=true\:0\:0\:false\:false\:true\:false\:true
PC11.GPIO_PuPd=GPIO_PULLUP
Mcu.IP0=ADC1
Mcu.IP1=ADC3
PE4.GPIOParameters=GPIO_Speed
SAI1.VirtualMode-SAI_B_SyncSlave=VM_SLAVE
RCC.DIVP3Freq_Value=50390625
RCC.SDMMCFreq_Value=172000000
ADC1.Channel-3\#ChannelRegularConversion=ADC_CHANNEL_18
ProjectManager.PreviousToolchain=SW4STM32
SH.FMC_NBL1.0=FMC_NBL1,Sd2ByteEnable1
RCC.HRTIMFreq_Value=240000000
ADC1.Channel-0\#ChannelRegularConversion=ADC_CHANNEL_7
PH1-OSC_OUT\ (PH1).Mode=HSE-External-Oscillator
Dma.SAI1_B.2.SignalID=NONE
RCC.DIVR3Freq_Value=50390625
NVIC.DebugMonitor_IRQn=true\:0\:0\:false\:false\:true\:false\:false
SH.FMC_A14_BA0.ConfNb=1
FMC.ExitSelfRefreshDelay1=6
Mcu.IP10=RCC
NVIC.SysTick_IRQn=true\:0\:0\:false\:false\:true\:false\:true
Mcu.IP12=SAI1
Dma.ADC1.0.PeriphBurst=DMA_PBURST_SINGLE
Mcu.IP11=RNG
Mcu.IP18=TIM4
Mcu.IP17=TIM3
Mcu.IP19=TIM7
RCC.DIVP1Freq_Value=480000000
Mcu.IP14=SPI1
Mcu.IP13=SDMMC1
Mcu.IP16=TIM1
Mcu.IP15=SYS
PF11.Signal=FMC_SDNRAS
PE3.GPIOParameters=GPIO_Speed
SAI1.InitProtocol-SAI_A_MasterWithClock=Enable
PG7.GPIO_PuPd=GPIO_PULLUP
PB7.Signal=S_TIM4_CH2
Mcu.IP20=USART6
PB4\ (NJTRST).Locked=true
PA6.Signal=ADCx_INP3
SH.FMC_D4_DA4.ConfNb=1
ProjectManager.ToolChainLocation=
PF8.Signal=ADC3_INP7
RCC.DIVR1Freq_Value=480000000
Mcu.Pin95=PB9
Mcu.Pin96=PE0
Mcu.Pin93=PB7
Mcu.Pin94=PB8
Mcu.Pin99=VP_RNG_VS_RNG
Mcu.Pin97=PE1
Mcu.Pin98=VP_FATFS_VS_SDIO
Dma.Request2=SAI1_B
Dma.Request1=SAI1_A
Mcu.Pin91=PB5
Mcu.Pin92=PB6
NVIC.DMA1_Stream0_IRQn=true\:0\:0\:false\:false\:true\:false\:true
PC5.Signal=ADCx_INP8
Mcu.Pin90=PB4 (NJTRST)
Dma.SAI1_A.1.SyncPolarity=HAL_DMAMUX_SYNC_NO_EVENT
Dma.SAI1_B.2.PeriphBurst=DMA_PBURST_SINGLE
PE7.Signal=FMC_D4_DA4
Dma.Request0=ADC1
VP_TIM3_VS_ClockSourceINT.Mode=Internal
Mcu.Pin84=PG9
Mcu.Pin85=PG10
PB15.Locked=true
Mcu.Pin82=PD2
Mcu.Pin83=PD7
PA3.Signal=ADCx_INP15
Mcu.Pin88=PG15
Mcu.Pin89=PB3 (JTDO/TRACESWO)
Mcu.Pin86=PG11
Mcu.Pin87=PG14
SH.FMC_A3.ConfNb=1
ADC3.SamplingTime-3\#ChannelRegularConversion=ADC_SAMPLETIME_8CYCLES_5
PG7.Locked=true
PG7.Signal=GPIO_Input
Dma.SAI1_A.1.FIFOThreshold=DMA_FIFO_THRESHOLD_1QUARTERFULL
PC11.Signal=SDMMC1_D3
PC8.Signal=SDMMC1_D0
PC10.Mode=SD_4_bits_Wide_bus
SH.ADCx_INP14.0=ADC1_INP14,IN14-Single-Ended
ProjectManager.DefaultFWLocation=true
PD9.Signal=FMC_D14_DA14
ProjectManager.DeletePrevious=true
SAI1.FIFOThreshold-SAI_B_SyncSlave=SAI_FIFOTHRESHOLD_1QF
RCC.FamilyName=M
PH1-OSC_OUT\ (PH1).Signal=RCC_OSC_OUT
FATFS0.BSP.instance=PC13
SAI1.RealAudioFreq-SAI_A_MasterWithClock=47.991 KHz
Dma.ADC1.0.PeriphDataAlignment=DMA_PDATAALIGN_HALFWORD
SH.FMC_A15_BA1.ConfNb=1
PF6.Signal=ADC3_INP8
PC15-OSC32_OUT\ (OSC32_OUT).Signal=GPXTI15
RCC.VCO1OutputFreq_Value=960000000
SH.FMC_D13_DA13.0=FMC_D13,sd-16b-d1
VP_RNG_VS_RNG.Signal=RNG_VS_RNG
SAI1.BasicDataSize-SAI_B_SyncSlave=SAI_PROTOCOL_DATASIZE_24BIT
RCC.AXIClockFreq_Value=240000000
PE2.GPIOParameters=GPIO_Speed
RCC.USBFreq_Value=48000000
VP_TIM3_VS_ClockSourceINT.Signal=TIM3_VS_ClockSourceINT
PA1.Signal=ADC1_INP17
RCC.CKPERFreq_Value=64000000
PD2.Mode=SD_4_bits_Wide_bus
board=custom
MxCube.Version=5.6.1
RCC.FDCANFreq_Value=480000000
PE5.Mode=SAI_A_MasterWithClock
RCC.ADCFreq_Value=49142857.14285714
VP_SYS_VS_Systick.Mode=SysTick
SH.FMC_D12_DA12.0=FMC_D12,sd-16b-d1
PF1.Signal=FMC_A1
SH.FMC_D11_DA11.ConfNb=1
ADC1.NbrOfConversion=6
ADC1.OffsetNumber-2\#ChannelRegularConversion=ADC_OFFSET_NONE
I2C2.Speed=50
RCC.IPParameters=ADCFreq_Value,AHB12Freq_Value,AHB4Freq_Value,APB1Freq_Value,APB2Freq_Value,APB3Freq_Value,APB4Freq_Value,AXIClockFreq_Value,CECFreq_Value,CKPERFreq_Value,CortexFreq_Value,CpuClockFreq_Value,D1CPREFreq_Value,D1PPRE,D2PPRE1,D2PPRE2,D3PPRE,DFSDMACLkFreq_Value,DFSDMFreq_Value,DIVM1,DIVM2,DIVN1,DIVN2,DIVP1Freq_Value,DIVP2,DIVP2Freq_Value,DIVP3Freq_Value,DIVQ1Freq_Value,DIVQ2Freq_Value,DIVQ3Freq_Value,DIVR1Freq_Value,DIVR2Freq_Value,DIVR3Freq_Value,FDCANFreq_Value,FMCFreq_Value,FamilyName,HCLK3ClockFreq_Value,HCLKFreq_Value,HPRE,HRTIMFreq_Value,I2C123Freq_Value,I2C4Freq_Value,LPTIM1Freq_Value,LPTIM2Freq_Value,LPTIM345Freq_Value,LPUART1Freq_Value,LTDCFreq_Value,MCO1PinFreq_Value,MCO2PinFreq_Value,PLL2FRACN,PLL2_VCI_Range-AdvancedSettings,PLL3FRACN,PLL3_VCI_Range-AdvancedSettings,PLLFRACN,PLLSourceVirtual,QSPIFreq_Value,RNGFreq_Value,RTCFreq_Value,SAI1CLockSelection,SAI1Freq_Value,SAI23Freq_Value,SAI4AFreq_Value,SAI4BFreq_Value,SDMMC1CLockSelection,SDMMCFreq_Value,SPDIFRXFreq_Value,SPI123Freq_Value,SPI45Freq_Value,SPI6Freq_Value,SWPMI1Freq_Value,SYSCLKFreq_VALUE,SYSCLKSource,Tim1OutputFreq_Value,Tim2OutputFreq_Value,TraceFreq_Value,USART16Freq_Value,USART234578Freq_Value,USBCLockSelection,USBFreq_Value,VCO1OutputFreq_Value,VCO2OutputFreq_Value,VCO3OutputFreq_Value,VCOInput1Freq_Value,VCOInput2Freq_Value,VCOInput3Freq_Value
ProjectManager.AskForMigrate=true
PE0.Signal=FMC_NBL0
PE12.Signal=FMC_D9_DA9
PB2.Locked=true
Mcu.IP8=I2C2
SH.ADCx_INP8.ConfNb=1
Mcu.IP9=NVIC
Mcu.IP6=FATFS
Mcu.IP7=FMC
ProjectManager.CoupleFile=true
RCC.SYSCLKFreq_VALUE=480000000
RCC.I2C123Freq_Value=120000000
ADC1.Rank-3\#ChannelRegularConversion=4
ADC1.SamplingTime-3\#ChannelRegularConversion=ADC_SAMPLETIME_387CYCLES_5
KeepUserPlacement=false
SH.ADCx_INP19.ConfNb=1
SH.ADCx_INP14.ConfNb=1
Dma.ADC1.0.MemInc=DMA_MINC_ENABLE
SH.S_TIM1_CH3.0=TIM1_CH3,PWM Generation3 CH3
SH.GPXTI15.0=GPIO_EXTI15
PC3_C.Signal=FMC_SDCKE0
PE5.GPIO_Speed=GPIO_SPEED_FREQ_VERY_HIGH
CORTEX_M7.CPU_DCache=Enabled
SH.ADCx_INP3.ConfNb=1
SH.FMC_D8_DA8.ConfNb=1
ADC3.NbrOfConversionFlag=1
PB4\ (NJTRST).Signal=GPIO_Output
SH.FMC_D7_DA7.0=FMC_D7,sd-16b-d1
SH.FMC_A4.ConfNb=1
FMC.RCDDelay1=2
SPI1.VirtualType=VM_MASTER
PB10.Mode=I2C
VP_FATFS_VS_SDIO.Mode=SDIO
TIM1.IPParameters=Channel-PWM Generation3 CH3
RCC.PLL2_VCI_Range-AdvancedSettings=RCC_PLL2VCIRANGE_1
PG4.Signal=FMC_A14_BA0
NVIC.DMA1_Stream2_IRQn=true\:0\:0\:false\:false\:true\:false\:true
PC12.Signal=SDMMC1_CK
FMC.LoadToActiveDelay1=2
Dma.SAI1_B.2.SyncSignalID=NONE
Dma.SAI1_A.1.MemDataAlignment=DMA_MDATAALIGN_WORD
Dma.SAI1_B.2.Mode=DMA_CIRCULAR
PinOutPanel.RotationAngle=0
RCC.MCO1PinFreq_Value=64000000
RCC.SYSCLKSource=RCC_SYSCLKSOURCE_PLLCLK
RCC.AHB4Freq_Value=240000000
PB11.GPIO_Speed=GPIO_SPEED_FREQ_LOW
SH.FMC_A15_BA1.0=FMC_BA1,FourSdramBanks1
SH.FMC_A12.ConfNb=1
PA14\ (JTCK/SWCLK).Signal=DEBUG_JTCK-SWCLK
VP_FATFS_VS_SDIO.Signal=FATFS_VS_SDIO
PE2.Mode=SAI_A_MasterWithClock
Dma.SAI1_B.2.SyncEnable=DISABLE
ADC1.Channel-2\#ChannelRegularConversion=ADC_CHANNEL_19
SH.FMC_D10_DA10.ConfNb=1
RCC.DIVQ3Freq_Value=50390625
PE5.Signal=SAI1_SCK_A
Bdma.ADC3.0.PeriphDataAlignment=DMA_PDATAALIGN_HALFWORD
SH.ADCx_INP4.0=ADC1_INP4,IN4-Single-Ended
Dma.SAI1_A.1.MemInc=DMA_MINC_ENABLE
PB2.Signal=GPIO_Input
FATFS0.BSP.i2caddr=0
ADC3.SamplingTime-2\#ChannelRegularConversion=ADC_SAMPLETIME_8CYCLES_5
RCC.DIVM2=25
RCC.DIVM1=5
ADC3.ExternalTrigConv=ADC_EXTERNALTRIG_EXT_IT11
MxDb.Version=DB.5.0.60
PG6.GPIO_PuPd=GPIO_PULLUP
Dma.ADC1.0.PeriphInc=DMA_PINC_DISABLE
ADC3.ContinuousConvMode=ENABLE
SH.FMC_D15_DA15.ConfNb=1
PA0.Mode=IN16-Single-Ended
ADC3.IPParameters=Rank-1\#ChannelRegularConversion,Channel-1\#ChannelRegularConversion,SamplingTime-1\#ChannelRegularConversion,OffsetNumber-1\#ChannelRegularConversion,NbrOfConversionFlag,ContinuousConvMode,Rank-2\#ChannelRegularConversion,Channel-2\#ChannelRegularConversion,SamplingTime-2\#ChannelRegularConversion,OffsetNumber-2\#ChannelRegularConversion,Rank-3\#ChannelRegularConversion,Channel-3\#ChannelRegularConversion,SamplingTime-3\#ChannelRegularConversion,OffsetNumber-3\#ChannelRegularConversion,NbrOfConversion,ClockPrescaler,OversamplingMode,ExternalTrigConv,EOCSelection,ConversionDataManagement
SH.S_TIM4_CH2.0=TIM4_CH2,PWM Generation2 CH2
PE2.Signal=SAI1_MCLK_A
PF8.Mode=IN7-Single-Ended
PA14\ (JTCK/SWCLK).Mode=Trace_Asynchronous_SW
SPI1.VirtualNSS=VM_NSSHARD
SH.GPXTI11.ConfNb=1
NVIC.PendSV_IRQn=true\:0\:0\:false\:false\:true\:false\:false
PF3.Signal=FMC_A3
ADC3.Channel-2\#ChannelRegularConversion=ADC_CHANNEL_3
RCC.DIVR2Freq_Value=172000000
PE10.Signal=FMC_D7_DA7
ADC1.SamplingTime-0\#ChannelRegularConversion=ADC_SAMPLETIME_387CYCLES_5
Bdma.ADC3.0.Priority=DMA_PRIORITY_LOW
RCC.MCO2PinFreq_Value=480000000
PC8.GPIOParameters=GPIO_PuPd
SH.GPXTI11.0=ADC3_EXTI11,Regular-Conversion-Trigger
PD11.Locked=true
Dma.SAI1_A.1.Direction=DMA_MEMORY_TO_PERIPH
FATFS0.BSP.solution=PC13
I2C2.I2C_Rise_Time=10
RCC.DFSDMFreq_Value=120000000
SH.FMC_A1.0=FMC_A1,13b-sda1
SH.FMC_SDCLK.0=FMC_SDCLK,13b-sda1
RCC.TraceFreq_Value=480000000
RCC.APB4Freq_Value=120000000
RCC.CECFreq_Value=32000
RCC.SAI23Freq_Value=480000000
PF14.Signal=FMC_A8
NVIC.BusFault_IRQn=true\:0\:0\:false\:false\:true\:false\:false
Dma.ADC1.0.FIFOMode=DMA_FIFOMODE_ENABLE
PB10.GPIOParameters=GPIO_Speed,GPIO_PuPd
FMC.ColumnBitsNumber1=FMC_SDRAM_COLUMN_BITS_NUM_9
PE6.GPIO_Speed=GPIO_SPEED_FREQ_HIGH
PH0-OSC_IN\ (PH0).Mode=HSE-External-Oscillator
SH.FMC_D3_DA3.0=FMC_D3,sd-16b-d1
ProjectManager.CustomerFirmwarePackage=
Dma.ADC1.0.EventEnable=DISABLE
VP_SAI1_VP_$IpInstance_SYNCHRO_EXTERNAL.Signal=SAI1_VP_$IpInstance_SYNCHRO_EXTERNAL
SH.FMC_A7.ConfNb=1
Bdma.ADC3.0.Polarity=HAL_DMAMUX_REQ_GEN_RISING
SH.FMC_A1.ConfNb=1
Dma.ADC1.0.Instance=DMA1_Stream0
ADC1.Rank-0\#ChannelRegularConversion=1
I2C2.I2C_Coeff_DF=0
Dma.SAI1_B.2.RequestParameters=Instance,Direction,PeriphInc,MemInc,PeriphDataAlignment,MemDataAlignment,Mode,Priority,FIFOMode,FIFOThreshold,MemBurst,PeriphBurst,SignalID,Polarity,RequestNumber,SyncSignalID,SyncPolarity,SyncEnable,EventEnable,SyncRequestNumber
PD2.GPIO_PuPd=GPIO_PULLUP
VP_SAI1_VP_$IpInstance_SAIA_SAI_BASIC.Mode=SAI_A_BASIC
Dma.ADC1.0.SyncRequestNumber=1
ADC1.IPParameters=Rank-0\#ChannelRegularConversion,Channel-0\#ChannelRegularConversion,SamplingTime-0\#ChannelRegularConversion,OffsetNumber-0\#ChannelRegularConversion,NbrOfConversionFlag,master,ClockPrescaler,ContinuousConvMode,EOCSelection,Rank-1\#ChannelRegularConversion,Channel-1\#ChannelRegularConversion,SamplingTime-1\#ChannelRegularConversion,OffsetNumber-1\#ChannelRegularConversion,Rank-2\#ChannelRegularConversion,Channel-2\#ChannelRegularConversion,SamplingTime-2\#ChannelRegularConversion,OffsetNumber-2\#ChannelRegularConversion,Rank-3\#ChannelRegularConversion,Channel-3\#ChannelRegularConversion,SamplingTime-3\#ChannelRegularConversion,OffsetNumber-3\#ChannelRegularConversion,Rank-4\#ChannelRegularConversion,Channel-4\#ChannelRegularConversion,SamplingTime-4\#ChannelRegularConversion,OffsetNumber-4\#ChannelRegularConversion,Rank-5\#ChannelRegularConversion,Channel-5\#ChannelRegularConversion,SamplingTime-5\#ChannelRegularConversion,OffsetNumber-5\#ChannelRegularConversion,NbrOfConversion,ConversionDataManagement
PG9.Signal=SPI1_MISO
RCC.SWPMI1Freq_Value=120000000
Bdma.ADC3.0.RequestNumber=1
PC6.Signal=GPIO_Output
PD7.Signal=SPI1_MOSI
PD1.Signal=FMC_D3_DA3
VP_SAI1_VP_$IpInstance_SAIA_SAI_BASIC.Signal=SAI1_VP_$IpInstance_SAIA_SAI_BASIC
RCC.DIVP2=7
PC0.Signal=FMC_SDNWE
PC11.GPIOParameters=GPIO_PuPd
RCC.QSPIFreq_Value=240000000
Bdma.ADC3.0.SyncEnable=DISABLE
PG10.Signal=SPI1_NSS
SH.FMC_A3.0=FMC_A3,13b-sda1
Dma.SAI1_A.1.Polarity=HAL_DMAMUX_REQ_GEN_RISING
RCC.USART234578Freq_Value=120000000
FMC.CASLatency1=FMC_SDRAM_CAS_LATENCY_2
RCC.SPI123Freq_Value=480000000
PB11.Mode=I2C
Bdma.ADC3.0.Direction=DMA_PERIPH_TO_MEMORY
TIM4.IPParameters=Channel-PWM Generation1 CH1,Channel-PWM Generation2 CH2,Channel-PWM Generation4 CH4
SH.FMC_D15_DA15.0=FMC_D15,sd-16b-d1
Dma.SAI1_B.2.PeriphDataAlignment=DMA_PDATAALIGN_WORD
Dma.ADC1.0.SignalID=NONE
PC6.Locked=true
PA9.Signal=GPIO_Output
RCC.DIVN2=344
RCC.DIVN1=192
PC2_C.Mode=SdramChipSelect1_1
ADC3.NbrOfConversion=3
PB10.Signal=I2C2_SCL
SH.ADCx_INP8.0=ADC1_INP8,IN8-Single-Ended
SH.ADCx_INP5.ConfNb=1
FATFS.BSP.number=1
RCC.USBCLockSelection=RCC_USBCLKSOURCE_HSI48
ProjectManager.LastFirmware=true
PA1.Mode=IN17-Single-Ended
PE15.Signal=FMC_D12_DA12
Dma.SAI1_A.1.MemBurst=DMA_MBURST_SINGLE
PE8.Signal=FMC_D5_DA5
Bdma.ADC3.0.MemDataAlignment=DMA_MDATAALIGN_HALFWORD
FATFS0.BSP.i2creg=
RCC.RNGFreq_Value=48000000
TIM3.IPParameters=Channel-PWM Generation2 CH2
PA9.Locked=true
Dma.SAI1_A.1.EventEnable=DISABLE
SH.FMC_SDNCAS.0=FMC_SDNCAS,13b-sda1
ProjectManager.FreePins=true
RCC.LPTIM2Freq_Value=120000000
SH.FMC_NBL1.ConfNb=1
ADC3.Channel-1\#ChannelRegularConversion=ADC_CHANNEL_8
Bdma.ADC3.0.RequestParameters=Instance,Direction,PeriphInc,MemInc,PeriphDataAlignment,MemDataAlignment,Mode,Priority,SignalID,Polarity,RequestNumber,SyncSignalID,SyncPolarity,SyncEnable,EventEnable,SyncRequestNumber
ProjectManager.UnderRoot=true
SH.FMC_D7_DA7.ConfNb=1
PA4.Signal=ADCx_INP18
ADC1.SamplingTime-1\#ChannelRegularConversion=ADC_SAMPLETIME_387CYCLES_5
PB5.Signal=S_TIM3_CH2
PE3.GPIO_Speed=GPIO_SPEED_FREQ_HIGH
PD11.Signal=GPXTI11
SH.FMC_A10.ConfNb=1
Dma.SAI1_A.1.SyncRequestNumber=1
ProjectManager.CompilerOptimize=6
ADC1.Rank-1\#ChannelRegularConversion=2
PG11.Mode=Full_Duplex_Master
SH.FMC_A5.0=FMC_A5,13b-sda1
ADC1.SamplingTime-5\#ChannelRegularConversion=ADC_SAMPLETIME_387CYCLES_5
PF6.Mode=IN8-Single-Ended
RCC.LPTIM345Freq_Value=120000000
ProjectManager.ComputerToolchain=false
VP_TIM4_VS_ClockSourceINT.Mode=Internal
RCC.LTDCFreq_Value=50390625
Dma.SAI1_B.2.Instance=DMA1_Stream2
TIM3.Channel-PWM\ Generation2\ CH2=TIM_CHANNEL_2
PB3\ (JTDO/TRACESWO).Mode=Trace_Asynchronous_SW
Dma.SAI1_B.2.FIFOThreshold=DMA_FIFO_THRESHOLD_1QUARTERFULL
Dma.SAI1_A.1.Priority=DMA_PRIORITY_VERY_HIGH
SH.ADCx_INP19.0=ADC1_INP19,IN19-Single-Ended
Mcu.Pin105=VP_TIM4_VS_ClockSourceINT
Mcu.Pin106=VP_TIM7_VS_ClockSourceINT
Dma.SAI1_B.2.FIFOMode=DMA_FIFOMODE_ENABLE
SH.FMC_D12_DA12.ConfNb=1
RCC.HCLK3ClockFreq_Value=240000000
PB0.Signal=ADCx_INP9
PC1.Signal=ADCx_INP11
PG7.GPIOParameters=GPIO_PuPd
Mcu.Pin101=VP_SAI1_VP_$IpInstance_SAIA_SAI_BASIC
PA13\ (JTMS/SWDIO).Signal=DEBUG_JTMS-SWDIO
Mcu.Pin102=VP_SAI1_VP_$IpInstance_SAIB_SAI_BASIC
Mcu.Pin103=VP_SYS_VS_Systick
Mcu.Pin104=VP_TIM3_VS_ClockSourceINT
Mcu.Pin100=VP_SAI1_VP_$IpInstance_SYNCHRO_EXTERNAL
RCC.DIVQ2Freq_Value=172000000
I2C2.IPParameters=Timing,I2C_Rise_Time,I2C_Fall_Time,Analog_Filter,I2C_Coeff_DF,Speed,NoStretchMode
SH.S_TIM4_CH2.ConfNb=1
RCC.SAI1Freq_Value=49142857.14285714
RCC.CortexFreq_Value=480000000
SH.FMC_A2.ConfNb=1
PG6.Signal=GPIO_Input
PB10.GPIO_Speed=GPIO_SPEED_FREQ_LOW
Mcu.UserName=STM32H743ZITx
RCC.HPRE=RCC_HCLK_DIV2
Dma.SAI1_A.1.RequestParameters=Instance,Direction,PeriphInc,MemInc,PeriphDataAlignment,MemDataAlignment,Mode,Priority,FIFOMode,FIFOThreshold,MemBurst,PeriphBurst,SignalID,Polarity,RequestNumber,SyncSignalID,SyncPolarity,SyncEnable,EventEnable,SyncRequestNumber
Dma.SAI1_B.2.MemInc=DMA_MINC_ENABLE
PG6.Locked=true
PC10.Signal=SDMMC1_D2
I2C2.Timing=0x505097F4
SH.FMC_NBL0.0=FMC_NBL0,Sd2ByteEnable1
ProjectManager.functionlistsort=1-MX_GPIO_Init-GPIO-false-HAL-true,2-MX_BDMA_Init-BDMA-false-HAL-true,3-MX_DMA_Init-DMA-false-HAL-true,4-SystemClock_Config-RCC-false-HAL-false,5-MX_FMC_Init-FMC-false-HAL-true,6-MX_ADC1_Init-ADC1-false-HAL-true,7-MX_ADC3_Init-ADC3-false-HAL-true,8-MX_I2C2_Init-I2C2-false-HAL-true,9-MX_SDMMC1_SD_Init-SDMMC1-false-HAL-true,10-MX_SPI1_Init-SPI1-false-HAL-true,11-MX_FATFS_Init-FATFS-false-HAL-false,12-MX_SAI1_Init-SAI1-false-HAL-true,13-MX_TIM3_Init-TIM3-false-HAL-true,14-MX_TIM4_Init-TIM4-false-HAL-true,15-MX_TIM7_Init-TIM7-false-HAL-true,16-MX_TIM1_Init-TIM1-false-HAL-true,17-MX_USART6_UART_Init-USART6-false-HAL-true,18-MX_RNG_Init-RNG-false-HAL-true
SH.FMC_D6_DA6.0=FMC_D6,sd-16b-d1
Dma.ADC1.0.FIFOThreshold=DMA_FIFO_THRESHOLD_1QUARTERFULL
PB11.GPIO_PuPd=GPIO_NOPULL
PB11.Signal=I2C2_SDA
USART6.Mode=MODE_RX
PE5.GPIOParameters=GPIO_Speed
ProjectManager.StackSize=0x2000
RCC.VCOInput3Freq_Value=781250
VP_TIM7_VS_ClockSourceINT.Mode=Enable_Timer
NVIC.ADC_IRQn=true\:0\:0\:false\:false\:true\:true\:true
SH.FMC_A7.0=FMC_A7,13b-sda1
Dma.SAI1_B.2.SyncRequestNumber=1
Mcu.UserConstants=
Mcu.ThirdPartyNb=0
FMC.BankMapConfig=FMC_SWAPBMAP_SDRAM_SRAM
RCC.HCLKFreq_Value=240000000
Mcu.IPNb=21
RCC.SPDIFRXFreq_Value=480000000
PF12.Signal=FMC_A6
Mcu.Pin6=PC14-OSC32_IN (OSC32_IN)
Mcu.Pin7=PC15-OSC32_OUT (OSC32_OUT)
Mcu.Pin8=PF0
Mcu.Pin9=PF1
PC2_C.Signal=FMC_SDNE0
SH.FMC_A10.0=FMC_A10,13b-sda1
Mcu.Pin0=PE2
Mcu.Pin1=PE3
Mcu.Pin2=PE4
Mcu.Pin3=PE5
Mcu.Pin4=PE6
Mcu.Pin5=PC13
ADC3.SamplingTime-1\#ChannelRegularConversion=ADC_SAMPLETIME_8CYCLES_5
SH.FMC_D8_DA8.0=FMC_D8,sd-16b-d1
FMC.RPDelay2=2
FMC.RPDelay1=2
SH.FMC_D2_DA2.0=FMC_D2,sd-16b-d1
ADC1.SamplingTime-4\#ChannelRegularConversion=ADC_SAMPLETIME_387CYCLES_5
ADC1.Rank-2\#ChannelRegularConversion=3
VP_TIM7_VS_ClockSourceINT.Signal=TIM7_VS_ClockSourceINT
PE13.Signal=FMC_D10_DA10
PE4.GPIO_Speed=GPIO_SPEED_FREQ_HIGH
File.Version=6
SH.FMC_D5_DA5.ConfNb=1
SH.FMC_D2_DA2.ConfNb=1
PB8.Locked=true
PE4.Mode=SAI_A_MasterWithClock
SH.FMC_SDNRAS.0=FMC_SDNRAS,13b-sda1
PE4.Signal=SAI1_FS_A
PE6.GPIOParameters=GPIO_Speed
Dma.RequestsNb=3
ProjectManager.ProjectName=cube_for_new_genera_brain4
RCC.APB3Freq_Value=120000000
SH.FMC_D0_DA0.0=FMC_D0,sd-16b-d1
RCC.D1PPRE=RCC_APB3_DIV2
RCC.SDMMC1CLockSelection=RCC_SDMMCCLKSOURCE_PLL2
SH.ADCx_INP15.ConfNb=1
SH.FMC_A9.0=FMC_A9,13b-sda1
ADC1.OffsetNumber-1\#ChannelRegularConversion=ADC_OFFSET_NONE
Bdma.ADC3.0.SyncRequestNumber=1
SH.FMC_D4_DA4.0=FMC_D4,sd-16b-d1
ADC3.ClockPrescaler=ADC_CLOCK_ASYNC_DIV4
PF5.Signal=FMC_A5
Dma.ADC1.0.MemBurst=DMA_MBURST_SINGLE
SH.ADCx_INP15.0=ADC1_INP15,IN15-Single-Ended
PF0.Signal=FMC_A0
SH.FMC_NBL0.ConfNb=1
Dma.SAI1_A.1.SyncEnable=DISABLE
SPI1.BaudRatePrescaler=SPI_BAUDRATEPRESCALER_32
PE3.Mode=SAI_B_SyncSlave
RCC.Tim2OutputFreq_Value=240000000
RCC.DFSDMACLkFreq_Value=49142857.14285714
SH.FMC_A12.0=FMC_A12,13b-sda1
RCC.PLLSourceVirtual=RCC_PLLSOURCE_HSE
TIM4.Channel-PWM\ Generation1\ CH1=TIM_CHANNEL_1
Dma.SAI1_B.2.EventEnable=DISABLE
SH.FMC_A9.ConfNb=1
CORTEX_M7.CPU_ICache=Enabled
PA13\ (JTMS/SWDIO).Mode=Trace_Asynchronous_SW
ADC1.Channel-4\#ChannelRegularConversion=ADC_CHANNEL_15
ProjectManager.NoMain=false
SPI1.IPParameters=VirtualType,Mode,Direction,CalculateBaudRate,VirtualNSS,BaudRatePrescaler,DataSize
USART6.IPParameters=VirtualMode-Asynchronous,Mode
PG1.Signal=FMC_A11
SH.S_TIM4_CH4.0=TIM4_CH4,PWM Generation4 CH4
ADC1.OffsetNumber-3\#ChannelRegularConversion=ADC_OFFSET_NONE
RCC.SAI4BFreq_Value=480000000
SH.FMC_SDCLK.ConfNb=1
PC4.Signal=ADCx_INP4
PG10.Mode=NSS_Signal_Hard_Output
RCC.D2PPRE2=RCC_APB2_DIV2
RCC.D2PPRE1=RCC_APB1_DIV2
NVIC.DMA1_Stream1_IRQn=true\:0\:0\:false\:false\:true\:false\:true
ADC3.Rank-3\#ChannelRegularConversion=3
VP_RNG_VS_RNG.Mode=RNG_Activate
ADC1.SamplingTime-2\#ChannelRegularConversion=ADC_SAMPLETIME_387CYCLES_5
PC14-OSC32_IN\ (OSC32_IN).Locked=true
PD12.Locked=true
RCC.SPI6Freq_Value=120000000
PF7.Mode=IN3-Single-Ended
SH.ADCx_INP9.ConfNb=1
RCC.SPI45Freq_Value=120000000
PB3\ (JTDO/TRACESWO).Locked=true
PB3\ (JTDO/TRACESWO).Signal=DEBUG_JTDO-SWO
VP_TIM4_VS_ClockSourceINT.Signal=TIM4_VS_ClockSourceINT
ProjectManager.TargetToolchain=SW4STM32
FATFS0.BSP.condition=
I2C2.Analog_Filter=I2C_ANALOGFILTER_ENABLE
Bdma.ADC3.0.EventEnable=DISABLE
Dma.ADC1.0.Mode=DMA_CIRCULAR
SH.FMC_D1_DA1.ConfNb=1
Dma.ADC1.0.SyncSignalID=NONE
Bdma.RequestsNb=1
ADC1.Channel-1\#ChannelRegularConversion=ADC_CHANNEL_3
ADC3.OversamplingMode=DISABLE
PF2.Signal=FMC_A2
PE11.Signal=FMC_D8_DA8
PG14.Signal=USART6_TX
SH.S_TIM3_CH2.0=TIM3_CH2,PWM Generation2 CH2
Bdma.ADC3.0.Mode=DMA_NORMAL
SAI1.IPParameters=Instance-SAI_A_MasterWithClock,VirtualMode-SAI_A_MasterWithClock,MClockEnable-SAI_A_MasterWithClock,RealAudioFreq-SAI_A_MasterWithClock,ErrorAudioFreq-SAI_A_MasterWithClock,InitProtocol-SAI_A_MasterWithClock,VirtualProtocol-SAI_A_BASIC,Instance-SAI_B_SyncSlave,VirtualMode-SAI_B_SyncSlave,InitProtocol-SAI_B_SyncSlave,VirtualProtocol-SAI_B_BASIC,BasicDataSize-SAI_A_MasterWithClock,AudioFrequency-SAI_A_MasterWithClock,FIFOThreshold-SAI_A_MasterWithClock,BasicDataSize-SAI_B_SyncSlave,FIFOThreshold-SAI_B_SyncSlave
RCC.VCOInput1Freq_Value=5000000
Dma.ADC1.0.SyncPolarity=HAL_DMAMUX_SYNC_NO_EVENT
Dma.ADC1.0.RequestParameters=Instance,Direction,PeriphInc,MemInc,PeriphDataAlignment,MemDataAlignment,Mode,Priority,FIFOMode,FIFOThreshold,MemBurst,PeriphBurst,SignalID,Polarity,RequestNumber,SyncSignalID,SyncPolarity,SyncEnable,EventEnable,SyncRequestNumber
SAI1.BasicDataSize-SAI_A_MasterWithClock=SAI_PROTOCOL_DATASIZE_24BIT
TIM4.Channel-PWM\ Generation2\ CH2=TIM_CHANNEL_2
RCC.APB2Freq_Value=120000000
SH.FMC_D13_DA13.ConfNb=1
Dma.SAI1_B.2.SyncPolarity=HAL_DMAMUX_SYNC_NO_EVENT
PF15.Signal=FMC_A9
Dma.SAI1_B.2.Priority=DMA_PRIORITY_VERY_HIGH
PE6.Signal=SAI1_SD_A
Mcu.Name=STM32H743ZITx
ADC3.ConversionDataManagement=ADC_CONVERSIONDATA_DMA_ONESHOT
RCC.PLL3_VCI_Range-AdvancedSettings=RCC_PLL3VCIRANGE_0
Dma.SAI1_B.2.Direction=DMA_PERIPH_TO_MEMORY
PA2.Signal=ADCx_INP14
PD14.Signal=FMC_D0_DA0
Dma.SAI1_B.2.RequestNumber=1
PC14-OSC32_IN\ (OSC32_IN).Signal=GPIO_Output
SAI1.Instance-SAI_B_SyncSlave=SAI$Index_Block_B
Dma.ADC1.0.SyncEnable=DISABLE
RCC.SAI4AFreq_Value=480000000
SH.ADCx_INP11.0=ADC1_INP11,IN11-Single-Ended
ADC1.NbrOfConversionFlag=1
FATFS0.BSP.component=
Dma.SAI1_A.1.PeriphDataAlignment=DMA_PDATAALIGN_WORD
RCC.DIVQ1Freq_Value=480000000
PB8.Signal=GPIO_Output
RCC.D3PPRE=RCC_APB4_DIV2
PC9.Signal=SDMMC1_D1
PC7.Mode=Asynchronous
ADC3.OffsetNumber-3\#ChannelRegularConversion=ADC_OFFSET_NONE
RCC.VCOInput2Freq_Value=1000000
RCC.APB1Freq_Value=120000000
SAI1.InitProtocol-SAI_B_SyncSlave=Enable
ADC1.ClockPrescaler=ADC_CLOCK_ASYNC_DIV4
ProjectManager.DeviceId=STM32H743ZITx
ProjectManager.LibraryCopy=1
PA7.Signal=ADCx_INP7
